
Microsoft Visual Studio Solution File, Format Version 12.00
# Visual Studio Version 16
VisualStudioVersion = 16.0.30011.22
MinimumVisualStudioVersion = 10.0.40219.1
Project("{E24C65DC-7377-472B-9ABA-BC803B73C61A}") = "web", "web", "{F53DA47F-9DBE-491A-AF66-05FE4CAC7E69}"
	ProjectSection(WebsiteProperties) = preProject
		SccProjectName = ""
		SccAuxPath = ""
		SccLocalPath = ""
		SccProvider = ""
		TargetFrameworkMoniker = ".NETFramework,Version%3Dv4.0"
		ProjectReferences = "{82A8DD2B-4F37-4AE0-8BF4-4078CF847C8F}|TestWeb.dll;"
		Debug.AspNetCompiler.VirtualPath = "/web"
		Debug.AspNetCompiler.PhysicalPath = "web\"
		Debug.AspNetCompiler.TargetPath = "PrecompiledWeb\web\"
		Debug.AspNetCompiler.Updateable = "true"
		Debug.AspNetCompiler.ForceOverwrite = "true"
		Debug.AspNetCompiler.FixedNames = "false"
		Debug.AspNetCompiler.Debug = "True"
		Release.AspNetCompiler.VirtualPath = "/web"
		Release.AspNetCompiler.PhysicalPath = "web\"
		Release.AspNetCompiler.TargetPath = "PrecompiledWeb\web\"
		Release.AspNetCompiler.Updateable = "true"
		Release.AspNetCompiler.ForceOverwrite = "true"
		Release.AspNetCompiler.FixedNames = "false"
		Release.AspNetCompiler.Debug = "False"
		VWDPort = "15075"
		SlnRelativePath = "web\"
		DefaultWebSiteLanguage = "Visual C#"
	EndProjectSection
EndProject
Project("{FAE04EC0-301F-11D3-BF4B-00C04F79EFBC}") = "TestWeb", "TestWeb\TestWeb.csproj", "{82A8DD2B-4F37-4AE0-8BF4-4078CF847C8F}"
EndProject
Project("{E24C65DC-7377-472B-9ABA-BC803B73C61A}") = "web2", "web2", "{0E3C9E4D-A6E7-446C-A315-B04AA78273F1}"
	ProjectSection(WebsiteProperties) = preProject
		SccProjectName = ""
		SccAuxPath = ""
		SccLocalPath = ""
		SccProvider = ""
		TargetFrameworkMoniker = ".NETFramework,Version%3Dv4.0"
		ProjectReferences = "{82a8dd2b-4f37-4ae0-8bf4-4078cf847c8f}|TestWeb.dll;"
		Debug.AspNetCompiler.VirtualPath = "/web2"
		Debug.AspNetCompiler.PhysicalPath = "web2\"
		Debug.AspNetCompiler.TargetPath = "PrecompiledWeb\web2\"
		Debug.AspNetCompiler.Updateable = "true"
		Debug.AspNetCompiler.ForceOverwrite = "true"
		Debug.AspNetCompiler.FixedNames = "false"
		Debug.AspNetCompiler.Debug = "True"
		Release.AspNetCompiler.VirtualPath = "/web2"
		Release.AspNetCompiler.PhysicalPath = "web2\"
		Release.AspNetCompiler.TargetPath = "PrecompiledWeb\web2\"
		Release.AspNetCompiler.Updateable = "true"
		Release.AspNetCompiler.ForceOverwrite = "true"
		Release.AspNetCompiler.FixedNames = "false"
		Release.AspNetCompiler.Debug = "False"
		VWDPort = "19483"
		SlnRelativePath = "web2\"
		DefaultWebSiteLanguage = "Visual C#"
	EndProjectSection
EndProject
Project("{FAE04EC0-301F-11D3-BF4B-00C04F79EFBC}") = "Structs", "Structs\Structs.csproj", "{AF3ED927-D834-4813-99C4-5DC1D3F98030}"
EndProject
Project("{FAE04EC0-301F-11D3-BF4B-00C04F79EFBC}") = "SupApp", "SupApp\SupApp.csproj", "{579C76DE-01BD-470A-9437-8CC1C4ADB6B1}"
EndProject
Project("{FAE04EC0-301F-11D3-BF4B-00C04F79EFBC}") = "AutoUp", "AutoUp\AutoUp.csproj", "{96A5FE74-885B-43B5-B397-E337B615129C}"
EndProject
Project("{FAE04EC0-301F-11D3-BF4B-00C04F79EFBC}") = "WinFormSkin", "WinFormSkin\WinFormSkin\WinFormSkin.csproj", "{571CED66-4571-4D93-A597-93C5B8B5CAE6}"
EndProject
Project("{E24C65DC-7377-472B-9ABA-BC803B73C61A}") = "PickMeUp-master", "PickMeUp-master", "{058B9F97-49FB-4EE4-9653-E3AA11408C9C}"
	ProjectSection(WebsiteProperties) = preProject
		TargetFrameworkMoniker = ".NETFramework,Version%3Dv4.0"
		Debug.AspNetCompiler.VirtualPath = "/localhost_12755"
		Debug.AspNetCompiler.PhysicalPath = "PickMeUp-master\"
		Debug.AspNetCompiler.TargetPath = "PrecompiledWeb\localhost_12755\"
		Debug.AspNetCompiler.Updateable = "true"
		Debug.AspNetCompiler.ForceOverwrite = "true"
		Debug.AspNetCompiler.FixedNames = "false"
		Debug.AspNetCompiler.Debug = "True"
		Release.AspNetCompiler.VirtualPath = "/localhost_12755"
		Release.AspNetCompiler.PhysicalPath = "PickMeUp-master\"
		Release.AspNetCompiler.TargetPath = "PrecompiledWeb\localhost_12755\"
		Release.AspNetCompiler.Updateable = "true"
		Release.AspNetCompiler.ForceOverwrite = "true"
		Release.AspNetCompiler.FixedNames = "false"
		Release.AspNetCompiler.Debug = "False"
		VWDPort = "12755"
		SlnRelativePath = "PickMeUp-master\"
	EndProjectSection
EndProject
Project("{FAE04EC0-301F-11D3-BF4B-00C04F79EFBC}") = "Console", "Console\Console.csproj", "{123E8B74-C57C-4950-B1C8-563908215589}"
EndProject
Project("{FAE04EC0-301F-11D3-BF4B-00C04F79EFBC}") = "PlanTODO", "PlanTODO\PlanTODO.csproj", "{8A060C03-92AB-47FA-9EF0-F2BF9D4CD0C4}"
EndProject
Project("{FAE04EC0-301F-11D3-BF4B-00C04F79EFBC}") = "WebApplicationDemo", "WebApplicationDemo\WebApplicationDemo.csproj", "{655B3AF6-6420-44FC-87E4-239531647289}"
EndProject
Project("{FAE04EC0-301F-11D3-BF4B-00C04F79EFBC}") = "Printer", "Printer\Printer.csproj", "{AAD51F24-BC16-445B-8E3F-36CE776D2426}"
EndProject
Project("{FAE04EC0-301F-11D3-BF4B-00C04F79EFBC}") = "PlanGo", "PlanGo\PlanGo.csproj", "{404A7263-208B-48A7-AE2E-FC2139D8EF91}"
EndProject
Global
	GlobalSection(SolutionConfigurationPlatforms) = preSolution
		CD_ROM|Any CPU = CD_ROM|Any CPU
		CD_ROM|Mixed Platforms = CD_ROM|Mixed Platforms
		CD_ROM|x86 = CD_ROM|x86
		Debug|Any CPU = Debug|Any CPU
		Debug|Mixed Platforms = Debug|Mixed Platforms
		Debug|x86 = Debug|x86
		DVD-5|Any CPU = DVD-5|Any CPU
		DVD-5|Mixed Platforms = DVD-5|Mixed Platforms
		DVD-5|x86 = DVD-5|x86
		Release|Any CPU = Release|Any CPU
		Release|Mixed Platforms = Release|Mixed Platforms
		Release|x86 = Release|x86
		SingleImage|Any CPU = SingleImage|Any CPU
		SingleImage|Mixed Platforms = SingleImage|Mixed Platforms
		SingleImage|x86 = SingleImage|x86
	EndGlobalSection
	GlobalSection(ProjectConfigurationPlatforms) = postSolution
		{F53DA47F-9DBE-491A-AF66-05FE4CAC7E69}.CD_ROM|Any CPU.ActiveCfg = Debug|Any CPU
		{F53DA47F-9DBE-491A-AF66-05FE4CAC7E69}.CD_ROM|Any CPU.Build.0 = Debug|Any CPU
		{F53DA47F-9DBE-491A-AF66-05FE4CAC7E69}.CD_ROM|Mixed Platforms.ActiveCfg = Debug|Any CPU
		{F53DA47F-9DBE-491A-AF66-05FE4CAC7E69}.CD_ROM|Mixed Platforms.Build.0 = Debug|Any CPU
		{F53DA47F-9DBE-491A-AF66-05FE4CAC7E69}.CD_ROM|x86.ActiveCfg = Debug|Any CPU
		{F53DA47F-9DBE-491A-AF66-05FE4CAC7E69}.CD_ROM|x86.Build.0 = Debug|Any CPU
		{F53DA47F-9DBE-491A-AF66-05FE4CAC7E69}.Debug|Any CPU.ActiveCfg = Debug|Any CPU
		{F53DA47F-9DBE-491A-AF66-05FE4CAC7E69}.Debug|Any CPU.Build.0 = Debug|Any CPU
		{F53DA47F-9DBE-491A-AF66-05FE4CAC7E69}.Debug|Mixed Platforms.ActiveCfg = Debug|Any CPU
		{F53DA47F-9DBE-491A-AF66-05FE4CAC7E69}.Debug|Mixed Platforms.Build.0 = Debug|Any CPU
		{F53DA47F-9DBE-491A-AF66-05FE4CAC7E69}.Debug|x86.ActiveCfg = Debug|Any CPU
		{F53DA47F-9DBE-491A-AF66-05FE4CAC7E69}.DVD-5|Any CPU.ActiveCfg = Debug|Any CPU
		{F53DA47F-9DBE-491A-AF66-05FE4CAC7E69}.DVD-5|Any CPU.Build.0 = Debug|Any CPU
		{F53DA47F-9DBE-491A-AF66-05FE4CAC7E69}.DVD-5|Mixed Platforms.ActiveCfg = Debug|Any CPU
		{F53DA47F-9DBE-491A-AF66-05FE4CAC7E69}.DVD-5|Mixed Platforms.Build.0 = Debug|Any CPU
		{F53DA47F-9DBE-491A-AF66-05FE4CAC7E69}.DVD-5|x86.ActiveCfg = Debug|Any CPU
		{F53DA47F-9DBE-491A-AF66-05FE4CAC7E69}.DVD-5|x86.Build.0 = Debug|Any CPU
		{F53DA47F-9DBE-491A-AF66-05FE4CAC7E69}.Release|Any CPU.ActiveCfg = Debug|Any CPU
		{F53DA47F-9DBE-491A-AF66-05FE4CAC7E69}.Release|Any CPU.Build.0 = Debug|Any CPU
		{F53DA47F-9DBE-491A-AF66-05FE4CAC7E69}.Release|Mixed Platforms.ActiveCfg = Debug|Any CPU
		{F53DA47F-9DBE-491A-AF66-05FE4CAC7E69}.Release|Mixed Platforms.Build.0 = Debug|Any CPU
		{F53DA47F-9DBE-491A-AF66-05FE4CAC7E69}.Release|x86.ActiveCfg = Debug|Any CPU
		{F53DA47F-9DBE-491A-AF66-05FE4CAC7E69}.SingleImage|Any CPU.ActiveCfg = Debug|Any CPU
		{F53DA47F-9DBE-491A-AF66-05FE4CAC7E69}.SingleImage|Any CPU.Build.0 = Debug|Any CPU
		{F53DA47F-9DBE-491A-AF66-05FE4CAC7E69}.SingleImage|Mixed Platforms.ActiveCfg = Debug|Any CPU
		{F53DA47F-9DBE-491A-AF66-05FE4CAC7E69}.SingleImage|Mixed Platforms.Build.0 = Debug|Any CPU
		{F53DA47F-9DBE-491A-AF66-05FE4CAC7E69}.SingleImage|x86.ActiveCfg = Debug|Any CPU
		{F53DA47F-9DBE-491A-AF66-05FE4CAC7E69}.SingleImage|x86.Build.0 = Debug|Any CPU
		{82A8DD2B-4F37-4AE0-8BF4-4078CF847C8F}.CD_ROM|Any CPU.ActiveCfg = Release|Any CPU
		{82A8DD2B-4F37-4AE0-8BF4-4078CF847C8F}.CD_ROM|Any CPU.Build.0 = Release|Any CPU
		{82A8DD2B-4F37-4AE0-8BF4-4078CF847C8F}.CD_ROM|Mixed Platforms.ActiveCfg = Release|Any CPU
		{82A8DD2B-4F37-4AE0-8BF4-4078CF847C8F}.CD_ROM|Mixed Platforms.Build.0 = Release|Any CPU
		{82A8DD2B-4F37-4AE0-8BF4-4078CF847C8F}.CD_ROM|x86.ActiveCfg = Release|Any CPU
		{82A8DD2B-4F37-4AE0-8BF4-4078CF847C8F}.CD_ROM|x86.Build.0 = Release|Any CPU
		{82A8DD2B-4F37-4AE0-8BF4-4078CF847C8F}.Debug|Any CPU.ActiveCfg = Debug|Any CPU
		{82A8DD2B-4F37-4AE0-8BF4-4078CF847C8F}.Debug|Any CPU.Build.0 = Debug|Any CPU
		{82A8DD2B-4F37-4AE0-8BF4-4078CF847C8F}.Debug|Mixed Platforms.ActiveCfg = Debug|Any CPU
		{82A8DD2B-4F37-4AE0-8BF4-4078CF847C8F}.Debug|Mixed Platforms.Build.0 = Debug|Any CPU
		{82A8DD2B-4F37-4AE0-8BF4-4078CF847C8F}.Debug|x86.ActiveCfg = Debug|Any CPU
		{82A8DD2B-4F37-4AE0-8BF4-4078CF847C8F}.DVD-5|Any CPU.ActiveCfg = Debug|Any CPU
		{82A8DD2B-4F37-4AE0-8BF4-4078CF847C8F}.DVD-5|Any CPU.Build.0 = Debug|Any CPU
		{82A8DD2B-4F37-4AE0-8BF4-4078CF847C8F}.DVD-5|Mixed Platforms.ActiveCfg = Debug|Any CPU
		{82A8DD2B-4F37-4AE0-8BF4-4078CF847C8F}.DVD-5|Mixed Platforms.Build.0 = Debug|Any CPU
		{82A8DD2B-4F37-4AE0-8BF4-4078CF847C8F}.DVD-5|x86.ActiveCfg = Debug|Any CPU
		{82A8DD2B-4F37-4AE0-8BF4-4078CF847C8F}.DVD-5|x86.Build.0 = Debug|Any CPU
		{82A8DD2B-4F37-4AE0-8BF4-4078CF847C8F}.Release|Any CPU.ActiveCfg = Release|Any CPU
		{82A8DD2B-4F37-4AE0-8BF4-4078CF847C8F}.Release|Any CPU.Build.0 = Release|Any CPU
		{82A8DD2B-4F37-4AE0-8BF4-4078CF847C8F}.Release|Mixed Platforms.ActiveCfg = Release|Any CPU
		{82A8DD2B-4F37-4AE0-8BF4-4078CF847C8F}.Release|Mixed Platforms.Build.0 = Release|Any CPU
		{82A8DD2B-4F37-4AE0-8BF4-4078CF847C8F}.Release|x86.ActiveCfg = Release|Any CPU
		{82A8DD2B-4F37-4AE0-8BF4-4078CF847C8F}.SingleImage|Any CPU.ActiveCfg = Release|Any CPU
		{82A8DD2B-4F37-4AE0-8BF4-4078CF847C8F}.SingleImage|Any CPU.Build.0 = Release|Any CPU
		{82A8DD2B-4F37-4AE0-8BF4-4078CF847C8F}.SingleImage|Mixed Platforms.ActiveCfg = Release|Any CPU
		{82A8DD2B-4F37-4AE0-8BF4-4078CF847C8F}.SingleImage|Mixed Platforms.Build.0 = Release|Any CPU
		{82A8DD2B-4F37-4AE0-8BF4-4078CF847C8F}.SingleImage|x86.ActiveCfg = Release|Any CPU
		{82A8DD2B-4F37-4AE0-8BF4-4078CF847C8F}.SingleImage|x86.Build.0 = Release|Any CPU
		{0E3C9E4D-A6E7-446C-A315-B04AA78273F1}.CD_ROM|Any CPU.ActiveCfg = Debug|Any CPU
		{0E3C9E4D-A6E7-446C-A315-B04AA78273F1}.CD_ROM|Any CPU.Build.0 = Debug|Any CPU
		{0E3C9E4D-A6E7-446C-A315-B04AA78273F1}.CD_ROM|Mixed Platforms.ActiveCfg = Debug|Any CPU
		{0E3C9E4D-A6E7-446C-A315-B04AA78273F1}.CD_ROM|Mixed Platforms.Build.0 = Debug|Any CPU
		{0E3C9E4D-A6E7-446C-A315-B04AA78273F1}.CD_ROM|x86.ActiveCfg = Debug|Any CPU
		{0E3C9E4D-A6E7-446C-A315-B04AA78273F1}.CD_ROM|x86.Build.0 = Debug|Any CPU
		{0E3C9E4D-A6E7-446C-A315-B04AA78273F1}.Debug|Any CPU.ActiveCfg = Debug|Any CPU
		{0E3C9E4D-A6E7-446C-A315-B04AA78273F1}.Debug|Any CPU.Build.0 = Debug|Any CPU
		{0E3C9E4D-A6E7-446C-A315-B04AA78273F1}.Debug|Mixed Platforms.ActiveCfg = Debug|Any CPU
		{0E3C9E4D-A6E7-446C-A315-B04AA78273F1}.Debug|Mixed Platforms.Build.0 = Debug|Any CPU
		{0E3C9E4D-A6E7-446C-A315-B04AA78273F1}.Debug|x86.ActiveCfg = Debug|Any CPU
		{0E3C9E4D-A6E7-446C-A315-B04AA78273F1}.DVD-5|Any CPU.ActiveCfg = Debug|Any CPU
		{0E3C9E4D-A6E7-446C-A315-B04AA78273F1}.DVD-5|Any CPU.Build.0 = Debug|Any CPU
		{0E3C9E4D-A6E7-446C-A315-B04AA78273F1}.DVD-5|Mixed Platforms.ActiveCfg = Debug|Any CPU
		{0E3C9E4D-A6E7-446C-A315-B04AA78273F1}.DVD-5|Mixed Platforms.Build.0 = Debug|Any CPU
		{0E3C9E4D-A6E7-446C-A315-B04AA78273F1}.DVD-5|x86.ActiveCfg = Debug|Any CPU
		{0E3C9E4D-A6E7-446C-A315-B04AA78273F1}.DVD-5|x86.Build.0 = Debug|Any CPU
		{0E3C9E4D-A6E7-446C-A315-B04AA78273F1}.Release|Any CPU.ActiveCfg = Debug|Any CPU
		{0E3C9E4D-A6E7-446C-A315-B04AA78273F1}.Release|Any CPU.Build.0 = Debug|Any CPU
		{0E3C9E4D-A6E7-446C-A315-B04AA78273F1}.Release|Mixed Platforms.ActiveCfg = Debug|Any CPU
		{0E3C9E4D-A6E7-446C-A315-B04AA78273F1}.Release|Mixed Platforms.Build.0 = Debug|Any CPU
		{0E3C9E4D-A6E7-446C-A315-B04AA78273F1}.Release|x86.ActiveCfg = Debug|Any CPU
		{0E3C9E4D-A6E7-446C-A315-B04AA78273F1}.SingleImage|Any CPU.ActiveCfg = Debug|Any CPU
		{0E3C9E4D-A6E7-446C-A315-B04AA78273F1}.SingleImage|Any CPU.Build.0 = Debug|Any CPU
		{0E3C9E4D-A6E7-446C-A315-B04AA78273F1}.SingleImage|Mixed Platforms.ActiveCfg = Debug|Any CPU
		{0E3C9E4D-A6E7-446C-A315-B04AA78273F1}.SingleImage|Mixed Platforms.Build.0 = Debug|Any CPU
		{0E3C9E4D-A6E7-446C-A315-B04AA78273F1}.SingleImage|x86.ActiveCfg = Debug|Any CPU
		{0E3C9E4D-A6E7-446C-A315-B04AA78273F1}.SingleImage|x86.Build.0 = Debug|Any CPU
		{AF3ED927-D834-4813-99C4-5DC1D3F98030}.CD_ROM|Any CPU.ActiveCfg = Release|Any CPU
		{AF3ED927-D834-4813-99C4-5DC1D3F98030}.CD_ROM|Any CPU.Build.0 = Release|Any CPU
		{AF3ED927-D834-4813-99C4-5DC1D3F98030}.CD_ROM|Mixed Platforms.ActiveCfg = Release|Any CPU
		{AF3ED927-D834-4813-99C4-5DC1D3F98030}.CD_ROM|Mixed Platforms.Build.0 = Release|Any CPU
		{AF3ED927-D834-4813-99C4-5DC1D3F98030}.CD_ROM|x86.ActiveCfg = Release|Any CPU
		{AF3ED927-D834-4813-99C4-5DC1D3F98030}.CD_ROM|x86.Build.0 = Release|Any CPU
		{AF3ED927-D834-4813-99C4-5DC1D3F98030}.Debug|Any CPU.ActiveCfg = Debug|Any CPU
		{AF3ED927-D834-4813-99C4-5DC1D3F98030}.Debug|Any CPU.Build.0 = Debug|Any CPU
		{AF3ED927-D834-4813-99C4-5DC1D3F98030}.Debug|Mixed Platforms.ActiveCfg = Debug|Any CPU
		{AF3ED927-D834-4813-99C4-5DC1D3F98030}.Debug|Mixed Platforms.Build.0 = Debug|Any CPU
		{AF3ED927-D834-4813-99C4-5DC1D3F98030}.Debug|x86.ActiveCfg = Debug|Any CPU
		{AF3ED927-D834-4813-99C4-5DC1D3F98030}.Debug|x86.Build.0 = Debug|Any CPU
		{AF3ED927-D834-4813-99C4-5DC1D3F98030}.DVD-5|Any CPU.ActiveCfg = Debug|Any CPU
		{AF3ED927-D834-4813-99C4-5DC1D3F98030}.DVD-5|Any CPU.Build.0 = Debug|Any CPU
		{AF3ED927-D834-4813-99C4-5DC1D3F98030}.DVD-5|Mixed Platforms.ActiveCfg = Debug|Any CPU
		{AF3ED927-D834-4813-99C4-5DC1D3F98030}.DVD-5|Mixed Platforms.Build.0 = Debug|Any CPU
		{AF3ED927-D834-4813-99C4-5DC1D3F98030}.DVD-5|x86.ActiveCfg = Debug|Any CPU
		{AF3ED927-D834-4813-99C4-5DC1D3F98030}.DVD-5|x86.Build.0 = Debug|Any CPU
		{AF3ED927-D834-4813-99C4-5DC1D3F98030}.Release|Any CPU.ActiveCfg = Release|Any CPU
		{AF3ED927-D834-4813-99C4-5DC1D3F98030}.Release|Any CPU.Build.0 = Release|Any CPU
		{AF3ED927-D834-4813-99C4-5DC1D3F98030}.Release|Mixed Platforms.ActiveCfg = Release|Any CPU
		{AF3ED927-D834-4813-99C4-5DC1D3F98030}.Release|Mixed Platforms.Build.0 = Release|Any CPU
		{AF3ED927-D834-4813-99C4-5DC1D3F98030}.Release|x86.ActiveCfg = Release|Any CPU
		{AF3ED927-D834-4813-99C4-5DC1D3F98030}.Release|x86.Build.0 = Release|Any CPU
		{AF3ED927-D834-4813-99C4-5DC1D3F98030}.SingleImage|Any CPU.ActiveCfg = Release|Any CPU
		{AF3ED927-D834-4813-99C4-5DC1D3F98030}.SingleImage|Any CPU.Build.0 = Release|Any CPU
		{AF3ED927-D834-4813-99C4-5DC1D3F98030}.SingleImage|Mixed Platforms.ActiveCfg = Release|Any CPU
		{AF3ED927-D834-4813-99C4-5DC1D3F98030}.SingleImage|Mixed Platforms.Build.0 = Release|Any CPU
		{AF3ED927-D834-4813-99C4-5DC1D3F98030}.SingleImage|x86.ActiveCfg = Release|Any CPU
		{AF3ED927-D834-4813-99C4-5DC1D3F98030}.SingleImage|x86.Build.0 = Release|Any CPU
		{579C76DE-01BD-470A-9437-8CC1C4ADB6B1}.CD_ROM|Any CPU.ActiveCfg = Release|Any CPU
		{579C76DE-01BD-470A-9437-8CC1C4ADB6B1}.CD_ROM|Any CPU.Build.0 = Release|Any CPU
		{579C76DE-01BD-470A-9437-8CC1C4ADB6B1}.CD_ROM|Mixed Platforms.ActiveCfg = Release|Any CPU
		{579C76DE-01BD-470A-9437-8CC1C4ADB6B1}.CD_ROM|Mixed Platforms.Build.0 = Release|Any CPU
		{579C76DE-01BD-470A-9437-8CC1C4ADB6B1}.CD_ROM|x86.ActiveCfg = Release|Any CPU
		{579C76DE-01BD-470A-9437-8CC1C4ADB6B1}.CD_ROM|x86.Build.0 = Release|Any CPU
		{579C76DE-01BD-470A-9437-8CC1C4ADB6B1}.Debug|Any CPU.ActiveCfg = Debug|Any CPU
		{579C76DE-01BD-470A-9437-8CC1C4ADB6B1}.Debug|Any CPU.Build.0 = Debug|Any CPU
		{579C76DE-01BD-470A-9437-8CC1C4ADB6B1}.Debug|Mixed Platforms.ActiveCfg = Debug|Any CPU
		{579C76DE-01BD-470A-9437-8CC1C4ADB6B1}.Debug|Mixed Platforms.Build.0 = Debug|Any CPU
		{579C76DE-01BD-470A-9437-8CC1C4ADB6B1}.Debug|x86.ActiveCfg = Debug|Any CPU
		{579C76DE-01BD-470A-9437-8CC1C4ADB6B1}.Debug|x86.Build.0 = Debug|Any CPU
		{579C76DE-01BD-470A-9437-8CC1C4ADB6B1}.DVD-5|Any CPU.ActiveCfg = Debug|Any CPU
		{579C76DE-01BD-470A-9437-8CC1C4ADB6B1}.DVD-5|Any CPU.Build.0 = Debug|Any CPU
		{579C76DE-01BD-470A-9437-8CC1C4ADB6B1}.DVD-5|Mixed Platforms.ActiveCfg = Debug|Any CPU
		{579C76DE-01BD-470A-9437-8CC1C4ADB6B1}.DVD-5|Mixed Platforms.Build.0 = Debug|Any CPU
		{579C76DE-01BD-470A-9437-8CC1C4ADB6B1}.DVD-5|x86.ActiveCfg = Debug|Any CPU
		{579C76DE-01BD-470A-9437-8CC1C4ADB6B1}.DVD-5|x86.Build.0 = Debug|Any CPU
		{579C76DE-01BD-470A-9437-8CC1C4ADB6B1}.Release|Any CPU.ActiveCfg = Release|Any CPU
		{579C76DE-01BD-470A-9437-8CC1C4ADB6B1}.Release|Any CPU.Build.0 = Release|Any CPU
		{579C76DE-01BD-470A-9437-8CC1C4ADB6B1}.Release|Mixed Platforms.ActiveCfg = Release|Any CPU
		{579C76DE-01BD-470A-9437-8CC1C4ADB6B1}.Release|Mixed Platforms.Build.0 = Release|Any CPU
		{579C76DE-01BD-470A-9437-8CC1C4ADB6B1}.Release|x86.ActiveCfg = Release|Any CPU
		{579C76DE-01BD-470A-9437-8CC1C4ADB6B1}.Release|x86.Build.0 = Release|Any CPU
		{579C76DE-01BD-470A-9437-8CC1C4ADB6B1}.SingleImage|Any CPU.ActiveCfg = Release|Any CPU
		{579C76DE-01BD-470A-9437-8CC1C4ADB6B1}.SingleImage|Any CPU.Build.0 = Release|Any CPU
		{579C76DE-01BD-470A-9437-8CC1C4ADB6B1}.SingleImage|Mixed Platforms.ActiveCfg = Release|Any CPU
		{579C76DE-01BD-470A-9437-8CC1C4ADB6B1}.SingleImage|Mixed Platforms.Build.0 = Release|Any CPU
		{579C76DE-01BD-470A-9437-8CC1C4ADB6B1}.SingleImage|x86.ActiveCfg = Release|Any CPU
		{579C76DE-01BD-470A-9437-8CC1C4ADB6B1}.SingleImage|x86.Build.0 = Release|Any CPU
		{96A5FE74-885B-43B5-B397-E337B615129C}.CD_ROM|Any CPU.ActiveCfg = Release|Any CPU
		{96A5FE74-885B-43B5-B397-E337B615129C}.CD_ROM|Any CPU.Build.0 = Release|Any CPU
		{96A5FE74-885B-43B5-B397-E337B615129C}.CD_ROM|Mixed Platforms.ActiveCfg = Release|Any CPU
		{96A5FE74-885B-43B5-B397-E337B615129C}.CD_ROM|Mixed Platforms.Build.0 = Release|Any CPU
		{96A5FE74-885B-43B5-B397-E337B615129C}.CD_ROM|x86.ActiveCfg = Release|Any CPU
		{96A5FE74-885B-43B5-B397-E337B615129C}.CD_ROM|x86.Build.0 = Release|Any CPU
		{96A5FE74-885B-43B5-B397-E337B615129C}.Debug|Any CPU.ActiveCfg = Debug|Any CPU
		{96A5FE74-885B-43B5-B397-E337B615129C}.Debug|Any CPU.Build.0 = Debug|Any CPU
		{96A5FE74-885B-43B5-B397-E337B615129C}.Debug|Mixed Platforms.ActiveCfg = Debug|Any CPU
		{96A5FE74-885B-43B5-B397-E337B615129C}.Debug|Mixed Platforms.Build.0 = Debug|Any CPU
		{96A5FE74-885B-43B5-B397-E337B615129C}.Debug|x86.ActiveCfg = Debug|Any CPU
		{96A5FE74-885B-43B5-B397-E337B615129C}.Debug|x86.Build.0 = Debug|Any CPU
		{96A5FE74-885B-43B5-B397-E337B615129C}.DVD-5|Any CPU.ActiveCfg = Debug|Any CPU
		{96A5FE74-885B-43B5-B397-E337B615129C}.DVD-5|Any CPU.Build.0 = Debug|Any CPU
		{96A5FE74-885B-43B5-B397-E337B615129C}.DVD-5|Mixed Platforms.ActiveCfg = Debug|Any CPU
		{96A5FE74-885B-43B5-B397-E337B615129C}.DVD-5|Mixed Platforms.Build.0 = Debug|Any CPU
		{96A5FE74-885B-43B5-B397-E337B615129C}.DVD-5|x86.ActiveCfg = Debug|Any CPU
		{96A5FE74-885B-43B5-B397-E337B615129C}.DVD-5|x86.Build.0 = Debug|Any CPU
		{96A5FE74-885B-43B5-B397-E337B615129C}.Release|Any CPU.ActiveCfg = Release|Any CPU
		{96A5FE74-885B-43B5-B397-E337B615129C}.Release|Any CPU.Build.0 = Release|Any CPU
		{96A5FE74-885B-43B5-B397-E337B615129C}.Release|Mixed Platforms.ActiveCfg = Release|Any CPU
		{96A5FE74-885B-43B5-B397-E337B615129C}.Release|Mixed Platforms.Build.0 = Release|Any CPU
		{96A5FE74-885B-43B5-B397-E337B615129C}.Release|x86.ActiveCfg = Release|Any CPU
		{96A5FE74-885B-43B5-B397-E337B615129C}.Release|x86.Build.0 = Release|Any CPU
		{96A5FE74-885B-43B5-B397-E337B615129C}.SingleImage|Any CPU.ActiveCfg = Release|Any CPU
		{96A5FE74-885B-43B5-B397-E337B615129C}.SingleImage|Any CPU.Build.0 = Release|Any CPU
		{96A5FE74-885B-43B5-B397-E337B615129C}.SingleImage|Mixed Platforms.ActiveCfg = Release|Any CPU
		{96A5FE74-885B-43B5-B397-E337B615129C}.SingleImage|Mixed Platforms.Build.0 = Release|Any CPU
		{96A5FE74-885B-43B5-B397-E337B615129C}.SingleImage|x86.ActiveCfg = Release|Any CPU
		{96A5FE74-885B-43B5-B397-E337B615129C}.SingleImage|x86.Build.0 = Release|Any CPU
		{571CED66-4571-4D93-A597-93C5B8B5CAE6}.CD_ROM|Any CPU.ActiveCfg = Release|Any CPU
		{571CED66-4571-4D93-A597-93C5B8B5CAE6}.CD_ROM|Any CPU.Build.0 = Release|Any CPU
		{571CED66-4571-4D93-A597-93C5B8B5CAE6}.CD_ROM|Mixed Platforms.ActiveCfg = Release|x86
		{571CED66-4571-4D93-A597-93C5B8B5CAE6}.CD_ROM|Mixed Platforms.Build.0 = Release|x86
		{571CED66-4571-4D93-A597-93C5B8B5CAE6}.CD_ROM|x86.ActiveCfg = Release|x86
		{571CED66-4571-4D93-A597-93C5B8B5CAE6}.CD_ROM|x86.Build.0 = Release|x86
		{571CED66-4571-4D93-A597-93C5B8B5CAE6}.Debug|Any CPU.ActiveCfg = Debug|Any CPU
		{571CED66-4571-4D93-A597-93C5B8B5CAE6}.Debug|Any CPU.Build.0 = Debug|Any CPU
		{571CED66-4571-4D93-A597-93C5B8B5CAE6}.Debug|Mixed Platforms.ActiveCfg = Debug|x86
		{571CED66-4571-4D93-A597-93C5B8B5CAE6}.Debug|Mixed Platforms.Build.0 = Debug|x86
		{571CED66-4571-4D93-A597-93C5B8B5CAE6}.Debug|x86.ActiveCfg = Debug|x86
		{571CED66-4571-4D93-A597-93C5B8B5CAE6}.Debug|x86.Build.0 = Debug|x86
		{571CED66-4571-4D93-A597-93C5B8B5CAE6}.DVD-5|Any CPU.ActiveCfg = Debug|Any CPU
		{571CED66-4571-4D93-A597-93C5B8B5CAE6}.DVD-5|Any CPU.Build.0 = Debug|Any CPU
		{571CED66-4571-4D93-A597-93C5B8B5CAE6}.DVD-5|Mixed Platforms.ActiveCfg = Debug|x86
		{571CED66-4571-4D93-A597-93C5B8B5CAE6}.DVD-5|Mixed Platforms.Build.0 = Debug|x86
		{571CED66-4571-4D93-A597-93C5B8B5CAE6}.DVD-5|x86.ActiveCfg = Debug|x86
		{571CED66-4571-4D93-A597-93C5B8B5CAE6}.DVD-5|x86.Build.0 = Debug|x86
		{571CED66-4571-4D93-A597-93C5B8B5CAE6}.Release|Any CPU.ActiveCfg = Release|Any CPU
		{571CED66-4571-4D93-A597-93C5B8B5CAE6}.Release|Any CPU.Build.0 = Release|Any CPU
		{571CED66-4571-4D93-A597-93C5B8B5CAE6}.Release|Mixed Platforms.ActiveCfg = Release|x86
		{571CED66-4571-4D93-A597-93C5B8B5CAE6}.Release|Mixed Platforms.Build.0 = Release|x86
		{571CED66-4571-4D93-A597-93C5B8B5CAE6}.Release|x86.ActiveCfg = Release|x86
		{571CED66-4571-4D93-A597-93C5B8B5CAE6}.Release|x86.Build.0 = Release|x86
		{571CED66-4571-4D93-A597-93C5B8B5CAE6}.SingleImage|Any CPU.ActiveCfg = Release|Any CPU
		{571CED66-4571-4D93-A597-93C5B8B5CAE6}.SingleImage|Any CPU.Build.0 = Release|Any CPU
		{571CED66-4571-4D93-A597-93C5B8B5CAE6}.SingleImage|Mixed Platforms.ActiveCfg = Release|x86
		{571CED66-4571-4D93-A597-93C5B8B5CAE6}.SingleImage|Mixed Platforms.Build.0 = Release|x86
		{571CED66-4571-4D93-A597-93C5B8B5CAE6}.SingleImage|x86.ActiveCfg = Release|x86
		{571CED66-4571-4D93-A597-93C5B8B5CAE6}.SingleImage|x86.Build.0 = Release|x86
		{058B9F97-49FB-4EE4-9653-E3AA11408C9C}.CD_ROM|Any CPU.ActiveCfg = Debug|Any CPU
		{058B9F97-49FB-4EE4-9653-E3AA11408C9C}.CD_ROM|Any CPU.Build.0 = Debug|Any CPU
		{058B9F97-49FB-4EE4-9653-E3AA11408C9C}.CD_ROM|Mixed Platforms.ActiveCfg = Debug|Any CPU
		{058B9F97-49FB-4EE4-9653-E3AA11408C9C}.CD_ROM|Mixed Platforms.Build.0 = Debug|Any CPU
		{058B9F97-49FB-4EE4-9653-E3AA11408C9C}.CD_ROM|x86.ActiveCfg = Debug|Any CPU
		{058B9F97-49FB-4EE4-9653-E3AA11408C9C}.CD_ROM|x86.Build.0 = Debug|Any CPU
		{058B9F97-49FB-4EE4-9653-E3AA11408C9C}.Debug|Any CPU.ActiveCfg = Debug|Any CPU
		{058B9F97-49FB-4EE4-9653-E3AA11408C9C}.Debug|Any CPU.Build.0 = Debug|Any CPU
		{058B9F97-49FB-4EE4-9653-E3AA11408C9C}.Debug|Mixed Platforms.ActiveCfg = Debug|Any CPU
		{058B9F97-49FB-4EE4-9653-E3AA11408C9C}.Debug|Mixed Platforms.Build.0 = Debug|Any CPU
		{058B9F97-49FB-4EE4-9653-E3AA11408C9C}.Debug|x86.ActiveCfg = Debug|Any CPU
		{058B9F97-49FB-4EE4-9653-E3AA11408C9C}.Debug|x86.Build.0 = Debug|Any CPU
		{058B9F97-49FB-4EE4-9653-E3AA11408C9C}.DVD-5|Any CPU.ActiveCfg = Debug|Any CPU
		{058B9F97-49FB-4EE4-9653-E3AA11408C9C}.DVD-5|Any CPU.Build.0 = Debug|Any CPU
		{058B9F97-49FB-4EE4-9653-E3AA11408C9C}.DVD-5|Mixed Platforms.ActiveCfg = Debug|Any CPU
		{058B9F97-49FB-4EE4-9653-E3AA11408C9C}.DVD-5|Mixed Platforms.Build.0 = Debug|Any CPU
		{058B9F97-49FB-4EE4-9653-E3AA11408C9C}.DVD-5|x86.ActiveCfg = Debug|Any CPU
		{058B9F97-49FB-4EE4-9653-E3AA11408C9C}.DVD-5|x86.Build.0 = Debug|Any CPU
		{058B9F97-49FB-4EE4-9653-E3AA11408C9C}.Release|Any CPU.ActiveCfg = Debug|Any CPU
		{058B9F97-49FB-4EE4-9653-E3AA11408C9C}.Release|Any CPU.Build.0 = Debug|Any CPU
		{058B9F97-49FB-4EE4-9653-E3AA11408C9C}.Release|Mixed Platforms.ActiveCfg = Debug|Any CPU
		{058B9F97-49FB-4EE4-9653-E3AA11408C9C}.Release|Mixed Platforms.Build.0 = Debug|Any CPU
		{058B9F97-49FB-4EE4-9653-E3AA11408C9C}.Release|x86.ActiveCfg = Debug|Any CPU
		{058B9F97-49FB-4EE4-9653-E3AA11408C9C}.Release|x86.Build.0 = Debug|Any CPU
		{058B9F97-49FB-4EE4-9653-E3AA11408C9C}.SingleImage|Any CPU.ActiveCfg = Debug|Any CPU
		{058B9F97-49FB-4EE4-9653-E3AA11408C9C}.SingleImage|Any CPU.Build.0 = Debug|Any CPU
		{058B9F97-49FB-4EE4-9653-E3AA11408C9C}.SingleImage|Mixed Platforms.ActiveCfg = Debug|Any CPU
		{058B9F97-49FB-4EE4-9653-E3AA11408C9C}.SingleImage|Mixed Platforms.Build.0 = Debug|Any CPU
		{058B9F97-49FB-4EE4-9653-E3AA11408C9C}.SingleImage|x86.ActiveCfg = Debug|Any CPU
		{058B9F97-49FB-4EE4-9653-E3AA11408C9C}.SingleImage|x86.Build.0 = Debug|Any CPU
		{123E8B74-C57C-4950-B1C8-563908215589}.CD_ROM|Any CPU.ActiveCfg = Release|x86
		{123E8B74-C57C-4950-B1C8-563908215589}.CD_ROM|Any CPU.Build.0 = Release|x86
		{123E8B74-C57C-4950-B1C8-563908215589}.CD_ROM|Mixed Platforms.ActiveCfg = Release|x86
		{123E8B74-C57C-4950-B1C8-563908215589}.CD_ROM|Mixed Platforms.Build.0 = Release|x86
		{123E8B74-C57C-4950-B1C8-563908215589}.CD_ROM|x86.ActiveCfg = Release|x86
		{123E8B74-C57C-4950-B1C8-563908215589}.CD_ROM|x86.Build.0 = Release|x86
		{123E8B74-C57C-4950-B1C8-563908215589}.Debug|Any CPU.ActiveCfg = Debug|x86
		{123E8B74-C57C-4950-B1C8-563908215589}.Debug|Mixed Platforms.ActiveCfg = Debug|x86
		{123E8B74-C57C-4950-B1C8-563908215589}.Debug|Mixed Platforms.Build.0 = Debug|x86
		{123E8B74-C57C-4950-B1C8-563908215589}.Debug|x86.ActiveCfg = Debug|x86
		{123E8B74-C57C-4950-B1C8-563908215589}.Debug|x86.Build.0 = Debug|x86
		{123E8B74-C57C-4950-B1C8-563908215589}.DVD-5|Any CPU.ActiveCfg = Release|x86
		{123E8B74-C57C-4950-B1C8-563908215589}.DVD-5|Any CPU.Build.0 = Release|x86
		{123E8B74-C57C-4950-B1C8-563908215589}.DVD-5|Mixed Platforms.ActiveCfg = Debug|x86
		{123E8B74-C57C-4950-B1C8-563908215589}.DVD-5|Mixed Platforms.Build.0 = Debug|x86
		{123E8B74-C57C-4950-B1C8-563908215589}.DVD-5|x86.ActiveCfg = Debug|x86
		{123E8B74-C57C-4950-B1C8-563908215589}.DVD-5|x86.Build.0 = Debug|x86
		{123E8B74-C57C-4950-B1C8-563908215589}.Release|Any CPU.ActiveCfg = Release|x86
		{123E8B74-C57C-4950-B1C8-563908215589}.Release|Mixed Platforms.ActiveCfg = Release|x86
		{123E8B74-C57C-4950-B1C8-563908215589}.Release|Mixed Platforms.Build.0 = Release|x86
		{123E8B74-C57C-4950-B1C8-563908215589}.Release|x86.ActiveCfg = Release|x86
		{123E8B74-C57C-4950-B1C8-563908215589}.Release|x86.Build.0 = Release|x86
		{123E8B74-C57C-4950-B1C8-563908215589}.SingleImage|Any CPU.ActiveCfg = Release|x86
		{123E8B74-C57C-4950-B1C8-563908215589}.SingleImage|Any CPU.Build.0 = Release|x86
		{123E8B74-C57C-4950-B1C8-563908215589}.SingleImage|Mixed Platforms.ActiveCfg = Release|x86
		{123E8B74-C57C-4950-B1C8-563908215589}.SingleImage|Mixed Platforms.Build.0 = Release|x86
		{123E8B74-C57C-4950-B1C8-563908215589}.SingleImage|x86.ActiveCfg = Release|x86
		{123E8B74-C57C-4950-B1C8-563908215589}.SingleImage|x86.Build.0 = Release|x86
		{8A060C03-92AB-47FA-9EF0-F2BF9D4CD0C4}.CD_ROM|Any CPU.ActiveCfg = Release|Any CPU
		{8A060C03-92AB-47FA-9EF0-F2BF9D4CD0C4}.CD_ROM|Any CPU.Build.0 = Release|Any CPU
		{8A060C03-92AB-47FA-9EF0-F2BF9D4CD0C4}.CD_ROM|Mixed Platforms.ActiveCfg = Release|Any CPU
		{8A060C03-92AB-47FA-9EF0-F2BF9D4CD0C4}.CD_ROM|Mixed Platforms.Build.0 = Release|Any CPU
		{8A060C03-92AB-47FA-9EF0-F2BF9D4CD0C4}.CD_ROM|x86.ActiveCfg = Release|Any CPU
		{8A060C03-92AB-47FA-9EF0-F2BF9D4CD0C4}.CD_ROM|x86.Build.0 = Release|Any CPU
		{8A060C03-92AB-47FA-9EF0-F2BF9D4CD0C4}.Debug|Any CPU.ActiveCfg = Debug|Any CPU
		{8A060C03-92AB-47FA-9EF0-F2BF9D4CD0C4}.Debug|Any CPU.Build.0 = Debug|Any CPU
		{8A060C03-92AB-47FA-9EF0-F2BF9D4CD0C4}.Debug|Mixed Platforms.ActiveCfg = Debug|Any CPU
		{8A060C03-92AB-47FA-9EF0-F2BF9D4CD0C4}.Debug|Mixed Platforms.Build.0 = Debug|Any CPU
		{8A060C03-92AB-47FA-9EF0-F2BF9D4CD0C4}.Debug|x86.ActiveCfg = Debug|Any CPU
		{8A060C03-92AB-47FA-9EF0-F2BF9D4CD0C4}.Debug|x86.Build.0 = Debug|Any CPU
		{8A060C03-92AB-47FA-9EF0-F2BF9D4CD0C4}.DVD-5|Any CPU.ActiveCfg = Debug|Any CPU
		{8A060C03-92AB-47FA-9EF0-F2BF9D4CD0C4}.DVD-5|Any CPU.Build.0 = Debug|Any CPU
		{8A060C03-92AB-47FA-9EF0-F2BF9D4CD0C4}.DVD-5|Mixed Platforms.ActiveCfg = Debug|Any CPU
		{8A060C03-92AB-47FA-9EF0-F2BF9D4CD0C4}.DVD-5|Mixed Platforms.Build.0 = Debug|Any CPU
		{8A060C03-92AB-47FA-9EF0-F2BF9D4CD0C4}.DVD-5|x86.ActiveCfg = Debug|Any CPU
		{8A060C03-92AB-47FA-9EF0-F2BF9D4CD0C4}.DVD-5|x86.Build.0 = Debug|Any CPU
		{8A060C03-92AB-47FA-9EF0-F2BF9D4CD0C4}.Release|Any CPU.ActiveCfg = Release|Any CPU
		{8A060C03-92AB-47FA-9EF0-F2BF9D4CD0C4}.Release|Any CPU.Build.0 = Release|Any CPU
		{8A060C03-92AB-47FA-9EF0-F2BF9D4CD0C4}.Release|Mixed Platforms.ActiveCfg = Release|Any CPU
		{8A060C03-92AB-47FA-9EF0-F2BF9D4CD0C4}.Release|Mixed Platforms.Build.0 = Release|Any CPU
		{8A060C03-92AB-47FA-9EF0-F2BF9D4CD0C4}.Release|x86.ActiveCfg = Release|Any CPU
		{8A060C03-92AB-47FA-9EF0-F2BF9D4CD0C4}.Release|x86.Build.0 = Release|Any CPU
		{8A060C03-92AB-47FA-9EF0-F2BF9D4CD0C4}.SingleImage|Any CPU.ActiveCfg = Release|Any CPU
		{8A060C03-92AB-47FA-9EF0-F2BF9D4CD0C4}.SingleImage|Any CPU.Build.0 = Release|Any CPU
		{8A060C03-92AB-47FA-9EF0-F2BF9D4CD0C4}.SingleImage|Mixed Platforms.ActiveCfg = Release|Any CPU
		{8A060C03-92AB-47FA-9EF0-F2BF9D4CD0C4}.SingleImage|Mixed Platforms.Build.0 = Release|Any CPU
		{8A060C03-92AB-47FA-9EF0-F2BF9D4CD0C4}.SingleImage|x86.ActiveCfg = Release|Any CPU
		{8A060C03-92AB-47FA-9EF0-F2BF9D4CD0C4}.SingleImage|x86.Build.0 = Release|Any CPU
		{655B3AF6-6420-44FC-87E4-239531647289}.CD_ROM|Any CPU.ActiveCfg = Release|Any CPU
		{655B3AF6-6420-44FC-87E4-239531647289}.CD_ROM|Any CPU.Build.0 = Release|Any CPU
		{655B3AF6-6420-44FC-87E4-239531647289}.CD_ROM|Mixed Platforms.ActiveCfg = Release|Any CPU
		{655B3AF6-6420-44FC-87E4-239531647289}.CD_ROM|Mixed Platforms.Build.0 = Release|Any CPU
		{655B3AF6-6420-44FC-87E4-239531647289}.CD_ROM|x86.ActiveCfg = Release|Any CPU
		{655B3AF6-6420-44FC-87E4-239531647289}.CD_ROM|x86.Build.0 = Release|Any CPU
		{655B3AF6-6420-44FC-87E4-239531647289}.Debug|Any CPU.ActiveCfg = Debug|Any CPU
		{655B3AF6-6420-44FC-87E4-239531647289}.Debug|Any CPU.Build.0 = Debug|Any CPU
		{655B3AF6-6420-44FC-87E4-239531647289}.Debug|Mixed Platforms.ActiveCfg = Debug|Any CPU
		{655B3AF6-6420-44FC-87E4-239531647289}.Debug|Mixed Platforms.Build.0 = Debug|Any CPU
		{655B3AF6-6420-44FC-87E4-239531647289}.Debug|x86.ActiveCfg = Debug|Any CPU
		{655B3AF6-6420-44FC-87E4-239531647289}.Debug|x86.Build.0 = Debug|Any CPU
		{655B3AF6-6420-44FC-87E4-239531647289}.DVD-5|Any CPU.ActiveCfg = Debug|Any CPU
		{655B3AF6-6420-44FC-87E4-239531647289}.DVD-5|Any CPU.Build.0 = Debug|Any CPU
		{655B3AF6-6420-44FC-87E4-239531647289}.DVD-5|Mixed Platforms.ActiveCfg = Debug|Any CPU
		{655B3AF6-6420-44FC-87E4-239531647289}.DVD-5|Mixed Platforms.Build.0 = Debug|Any CPU
		{655B3AF6-6420-44FC-87E4-239531647289}.DVD-5|x86.ActiveCfg = Debug|Any CPU
		{655B3AF6-6420-44FC-87E4-239531647289}.DVD-5|x86.Build.0 = Debug|Any CPU
		{655B3AF6-6420-44FC-87E4-239531647289}.Release|Any CPU.ActiveCfg = Release|Any CPU
		{655B3AF6-6420-44FC-87E4-239531647289}.Release|Any CPU.Build.0 = Release|Any CPU
		{655B3AF6-6420-44FC-87E4-239531647289}.Release|Mixed Platforms.ActiveCfg = Release|Any CPU
		{655B3AF6-6420-44FC-87E4-239531647289}.Release|Mixed Platforms.Build.0 = Release|Any CPU
		{655B3AF6-6420-44FC-87E4-239531647289}.Release|x86.ActiveCfg = Release|Any CPU
		{655B3AF6-6420-44FC-87E4-239531647289}.Release|x86.Build.0 = Release|Any CPU
		{655B3AF6-6420-44FC-87E4-239531647289}.SingleImage|Any CPU.ActiveCfg = Release|Any CPU
		{655B3AF6-6420-44FC-87E4-239531647289}.SingleImage|Any CPU.Build.0 = Release|Any CPU
		{655B3AF6-6420-44FC-87E4-239531647289}.SingleImage|Mixed Platforms.ActiveCfg = Release|Any CPU
		{655B3AF6-6420-44FC-87E4-239531647289}.SingleImage|Mixed Platforms.Build.0 = Release|Any CPU
		{655B3AF6-6420-44FC-87E4-239531647289}.SingleImage|x86.ActiveCfg = Release|Any CPU
		{655B3AF6-6420-44FC-87E4-239531647289}.SingleImage|x86.Build.0 = Release|Any CPU
		{AAD51F24-BC16-445B-8E3F-36CE776D2426}.CD_ROM|Any CPU.ActiveCfg = Release|Any CPU
		{AAD51F24-BC16-445B-8E3F-36CE776D2426}.CD_ROM|Any CPU.Build.0 = Release|Any CPU
		{AAD51F24-BC16-445B-8E3F-36CE776D2426}.CD_ROM|Mixed Platforms.ActiveCfg = Release|Any CPU
		{AAD51F24-BC16-445B-8E3F-36CE776D2426}.CD_ROM|Mixed Platforms.Build.0 = Release|Any CPU
		{AAD51F24-BC16-445B-8E3F-36CE776D2426}.CD_ROM|x86.ActiveCfg = Release|Any CPU
		{AAD51F24-BC16-445B-8E3F-36CE776D2426}.CD_ROM|x86.Build.0 = Release|Any CPU
		{AAD51F24-BC16-445B-8E3F-36CE776D2426}.Debug|Any CPU.ActiveCfg = Debug|Any CPU
		{AAD51F24-BC16-445B-8E3F-36CE776D2426}.Debug|Any CPU.Build.0 = Debug|Any CPU
		{AAD51F24-BC16-445B-8E3F-36CE776D2426}.Debug|Mixed Platforms.ActiveCfg = Debug|Any CPU
		{AAD51F24-BC16-445B-8E3F-36CE776D2426}.Debug|Mixed Platforms.Build.0 = Debug|Any CPU
		{AAD51F24-BC16-445B-8E3F-36CE776D2426}.Debug|x86.ActiveCfg = Debug|Any CPU
		{AAD51F24-BC16-445B-8E3F-36CE776D2426}.Debug|x86.Build.0 = Debug|Any CPU
		{AAD51F24-BC16-445B-8E3F-36CE776D2426}.DVD-5|Any CPU.ActiveCfg = Debug|Any CPU
		{AAD51F24-BC16-445B-8E3F-36CE776D2426}.DVD-5|Any CPU.Build.0 = Debug|Any CPU
		{AAD51F24-BC16-445B-8E3F-36CE776D2426}.DVD-5|Mixed Platforms.ActiveCfg = Debug|Any CPU
		{AAD51F24-BC16-445B-8E3F-36CE776D2426}.DVD-5|Mixed Platforms.Build.0 = Debug|Any CPU
		{AAD51F24-BC16-445B-8E3F-36CE776D2426}.DVD-5|x86.ActiveCfg = Debug|Any CPU
		{AAD51F24-BC16-445B-8E3F-36CE776D2426}.DVD-5|x86.Build.0 = Debug|Any CPU
		{AAD51F24-BC16-445B-8E3F-36CE776D2426}.Release|Any CPU.ActiveCfg = Release|Any CPU
		{AAD51F24-BC16-445B-8E3F-36CE776D2426}.Release|Any CPU.Build.0 = Release|Any CPU
		{AAD51F24-BC16-445B-8E3F-36CE776D2426}.Release|Mixed Platforms.ActiveCfg = Release|Any CPU
		{AAD51F24-BC16-445B-8E3F-36CE776D2426}.Release|Mixed Platforms.Build.0 = Release|Any CPU
		{AAD51F24-BC16-445B-8E3F-36CE776D2426}.Release|x86.ActiveCfg = Release|Any CPU
		{AAD51F24-BC16-445B-8E3F-36CE776D2426}.Release|x86.Build.0 = Release|Any CPU
		{AAD51F24-BC16-445B-8E3F-36CE776D2426}.SingleImage|Any CPU.ActiveCfg = Release|Any CPU
		{AAD51F24-BC16-445B-8E3F-36CE776D2426}.SingleImage|Any CPU.Build.0 = Release|Any CPU
		{AAD51F24-BC16-445B-8E3F-36CE776D2426}.SingleImage|Mixed Platforms.ActiveCfg = Release|Any CPU
		{AAD51F24-BC16-445B-8E3F-36CE776D2426}.SingleImage|Mixed Platforms.Build.0 = Release|Any CPU
		{AAD51F24-BC16-445B-8E3F-36CE776D2426}.SingleImage|x86.ActiveCfg = Release|Any CPU
		{AAD51F24-BC16-445B-8E3F-36CE776D2426}.SingleImage|x86.Build.0 = Release|Any CPU
		{404A7263-208B-48A7-AE2E-FC2139D8EF91}.CD_ROM|Any CPU.ActiveCfg = Release|Any CPU
		{404A7263-208B-48A7-AE2E-FC2139D8EF91}.CD_ROM|Any CPU.Build.0 = Release|Any CPU
		{404A7263-208B-48A7-AE2E-FC2139D8EF91}.CD_ROM|Mixed Platforms.ActiveCfg = Release|Any CPU
		{404A7263-208B-48A7-AE2E-FC2139D8EF91}.CD_ROM|Mixed Platforms.Build.0 = Release|Any CPU
		{404A7263-208B-48A7-AE2E-FC2139D8EF91}.CD_ROM|x86.ActiveCfg = Release|Any CPU
		{404A7263-208B-48A7-AE2E-FC2139D8EF91}.CD_ROM|x86.Build.0 = Release|Any CPU
		{404A7263-208B-48A7-AE2E-FC2139D8EF91}.Debug|Any CPU.ActiveCfg = Debug|Any CPU
		{404A7263-208B-48A7-AE2E-FC2139D8EF91}.Debug|Any CPU.Build.0 = Debug|Any CPU
		{404A7263-208B-48A7-AE2E-FC2139D8EF91}.Debug|Mixed Platforms.ActiveCfg = Debug|Any CPU
		{404A7263-208B-48A7-AE2E-FC2139D8EF91}.Debug|Mixed Platforms.Build.0 = Debug|Any CPU
		{404A7263-208B-48A7-AE2E-FC2139D8EF91}.Debug|x86.ActiveCfg = Debug|Any CPU
		{404A7263-208B-48A7-AE2E-FC2139D8EF91}.Debug|x86.Build.0 = Debug|Any CPU
		{404A7263-208B-48A7-AE2E-FC2139D8EF91}.DVD-5|Any CPU.ActiveCfg = Debug|Any CPU
		{404A7263-208B-48A7-AE2E-FC2139D8EF91}.DVD-5|Any CPU.Build.0 = Debug|Any CPU
		{404A7263-208B-48A7-AE2E-FC2139D8EF91}.DVD-5|Mixed Platforms.ActiveCfg = Debug|Any CPU
		{404A7263-208B-48A7-AE2E-FC2139D8EF91}.DVD-5|Mixed Platforms.Build.0 = Debug|Any CPU
		{404A7263-208B-48A7-AE2E-FC2139D8EF91}.DVD-5|x86.ActiveCfg = Debug|Any CPU
		{404A7263-208B-48A7-AE2E-FC2139D8EF91}.DVD-5|x86.Build.0 = Debug|Any CPU
		{404A7263-208B-48A7-AE2E-FC2139D8EF91}.Release|Any CPU.ActiveCfg = Release|Any CPU
		{404A7263-208B-48A7-AE2E-FC2139D8EF91}.Release|Any CPU.Build.0 = Release|Any CPU
		{404A7263-208B-48A7-AE2E-FC2139D8EF91}.Release|Mixed Platforms.ActiveCfg = Release|Any CPU
		{404A7263-208B-48A7-AE2E-FC2139D8EF91}.Release|Mixed Platforms.Build.0 = Release|Any CPU
		{404A7263-208B-48A7-AE2E-FC2139D8EF91}.Release|x86.ActiveCfg = Release|Any CPU
		{404A7263-208B-48A7-AE2E-FC2139D8EF91}.Release|x86.Build.0 = Release|Any CPU
		{404A7263-208B-48A7-AE2E-FC2139D8EF91}.SingleImage|Any CPU.ActiveCfg = Release|Any CPU
		{404A7263-208B-48A7-AE2E-FC2139D8EF91}.SingleImage|Any CPU.Build.0 = Release|Any CPU
		{404A7263-208B-48A7-AE2E-FC2139D8EF91}.SingleImage|Mixed Platforms.ActiveCfg = Release|Any CPU
		{404A7263-208B-48A7-AE2E-FC2139D8EF91}.SingleImage|Mixed Platforms.Build.0 = Release|Any CPU
		{404A7263-208B-48A7-AE2E-FC2139D8EF91}.SingleImage|x86.ActiveCfg = Release|Any CPU
		{404A7263-208B-48A7-AE2E-FC2139D8EF91}.SingleImage|x86.Build.0 = Release|Any CPU
	EndGlobalSection
	GlobalSection(SolutionProperties) = preSolution
		HideSolutionNode = FALSE
	EndGlobalSection
	GlobalSection(ExtensibilityGlobals) = postSolution
		SolutionGuid = {3D382F6D-7F4C-4BE3-BC3B-05500B9844F2}
	EndGlobalSection
EndGlobal
