
Microsoft Visual Studio Solution File, Format Version 12.00
# Visual Studio 14
VisualStudioVersion = 14.0.25420.1
MinimumVisualStudioVersion = 10.0.40219.1
Project("{E24C65DC-7377-472B-9ABA-BC803B73C61A}") = "web", "web", "{F53DA47F-9DBE-491A-AF66-05FE4CAC7E69}"
	ProjectSection(WebsiteProperties) = preProject
		SccProjectName = ""
		SccAuxPath = ""
		SccLocalPath = ""
		SccProvider = ""
		TargetFrameworkMoniker = ".NETFramework,Version%3Dv4.0"
		ProjectReferences = "{5101E1E4-31F5-4746-B2F2-87496749B1EE}|work.dll;{82A8DD2B-4F37-4AE0-8BF4-4078CF847C8F}|TestWeb.dll;"
		Debug.AspNetCompiler.VirtualPath = "/web"
		Debug.AspNetCompiler.PhysicalPath = "web\"
		Debug.AspNetCompiler.TargetPath = "PrecompiledWeb\web\"
		Debug.AspNetCompiler.Updateable = "true"
		Debug.AspNetCompiler.ForceOverwrite = "true"
		Debug.AspNetCompiler.FixedNames = "false"
		Debug.AspNetCompiler.Debug = "True"
		Release.AspNetCompiler.VirtualPath = "/web"
		Release.AspNetCompiler.PhysicalPath = "web\"
		Release.AspNetCompiler.TargetPath = "PrecompiledWeb\web\"
		Release.AspNetCompiler.Updateable = "true"
		Release.AspNetCompiler.ForceOverwrite = "true"
		Release.AspNetCompiler.FixedNames = "false"
		Release.AspNetCompiler.Debug = "False"
		VWDPort = "15075"
		SlnRelativePath = "web\"
		DefaultWebSiteLanguage = "Visual C#"
	EndProjectSection
EndProject
Project("{FAE04EC0-301F-11D3-BF4B-00C04F79EFBC}") = "work", "work\work.csproj", "{5101E1E4-31F5-4746-B2F2-87496749B1EE}"
EndProject
Project("{FAE04EC0-301F-11D3-BF4B-00C04F79EFBC}") = "TestWeb", "TestWeb\TestWeb.csproj", "{82A8DD2B-4F37-4AE0-8BF4-4078CF847C8F}"
EndProject
Project("{FAE04EC0-301F-11D3-BF4B-00C04F79EFBC}") = "ConsoleApplication1", "ConsoleApplication1\ConsoleApplication1.csproj", "{123E8B74-C57C-4950-B1C8-563908215589}"
EndProject
Project("{E24C65DC-7377-472B-9ABA-BC803B73C61A}") = "web2", "web2", "{0E3C9E4D-A6E7-446C-A315-B04AA78273F1}"
	ProjectSection(WebsiteProperties) = preProject
		SccProjectName = ""
		SccAuxPath = ""
		SccLocalPath = ""
		SccProvider = ""
		TargetFrameworkMoniker = ".NETFramework,Version%3Dv4.0"
		ProjectReferences = ""
		Debug.AspNetCompiler.VirtualPath = "/web2"
		Debug.AspNetCompiler.PhysicalPath = "web2\"
		Debug.AspNetCompiler.TargetPath = "PrecompiledWeb\web2\"
		Debug.AspNetCompiler.Updateable = "true"
		Debug.AspNetCompiler.ForceOverwrite = "true"
		Debug.AspNetCompiler.FixedNames = "false"
		Debug.AspNetCompiler.Debug = "True"
		Release.AspNetCompiler.VirtualPath = "/web2"
		Release.AspNetCompiler.PhysicalPath = "web2\"
		Release.AspNetCompiler.TargetPath = "PrecompiledWeb\web2\"
		Release.AspNetCompiler.Updateable = "true"
		Release.AspNetCompiler.ForceOverwrite = "true"
		Release.AspNetCompiler.FixedNames = "false"
		Release.AspNetCompiler.Debug = "False"
		VWDPort = "19483"
		SlnRelativePath = "web2\"
		DefaultWebSiteLanguage = "Visual C#"
	EndProjectSection
EndProject
Project("{FAE04EC0-301F-11D3-BF4B-00C04F79EFBC}") = "WebApplication1", "WebApplication1\WebApplication1.csproj", "{655B3AF6-6420-44FC-87E4-239531647289}"
EndProject
Project("{FAE04EC0-301F-11D3-BF4B-00C04F79EFBC}") = "Structs", "Structs\Structs.csproj", "{AF3ED927-D834-4813-99C4-5DC1D3F98030}"
EndProject
Project("{FAE04EC0-301F-11D3-BF4B-00C04F79EFBC}") = "PlanTODO", "WindowsFormsApplication1\PlanTODO.csproj", "{8A060C03-92AB-47FA-9EF0-F2BF9D4CD0C4}"
EndProject
Project("{FAE04EC0-301F-11D3-BF4B-00C04F79EFBC}") = "SupApp", "SupApp\SupApp.csproj", "{579C76DE-01BD-470A-9437-8CC1C4ADB6B1}"
EndProject
Project("{FAE04EC0-301F-11D3-BF4B-00C04F79EFBC}") = "AutoUp", "AutoUp\AutoUp.csproj", "{96A5FE74-885B-43B5-B397-E337B615129C}"
EndProject
Project("{6141683F-8A12-4E36-9623-2EB02B2C2303}") = "SetupTODO", "STODO\SetupTODO\SetupTODO.isproj", "{D0892904-6CFB-407A-93A4-8A92C02A7834}"
	ProjectSection(ProjectDependencies) = postProject
		{8A060C03-92AB-47FA-9EF0-F2BF9D4CD0C4} = {8A060C03-92AB-47FA-9EF0-F2BF9D4CD0C4}
		{96A5FE74-885B-43B5-B397-E337B615129C} = {96A5FE74-885B-43B5-B397-E337B615129C}
	EndProjectSection
EndProject
Global
	GlobalSection(SolutionConfigurationPlatforms) = preSolution
		CD_ROM|Any CPU = CD_ROM|Any CPU
		CD_ROM|Mixed Platforms = CD_ROM|Mixed Platforms
		CD_ROM|x86 = CD_ROM|x86
		Debug|Any CPU = Debug|Any CPU
		Debug|Mixed Platforms = Debug|Mixed Platforms
		Debug|x86 = Debug|x86
		DVD-5|Any CPU = DVD-5|Any CPU
		DVD-5|Mixed Platforms = DVD-5|Mixed Platforms
		DVD-5|x86 = DVD-5|x86
		Release|Any CPU = Release|Any CPU
		Release|Mixed Platforms = Release|Mixed Platforms
		Release|x86 = Release|x86
		SingleImage|Any CPU = SingleImage|Any CPU
		SingleImage|Mixed Platforms = SingleImage|Mixed Platforms
		SingleImage|x86 = SingleImage|x86
	EndGlobalSection
	GlobalSection(ProjectConfigurationPlatforms) = postSolution
		{F53DA47F-9DBE-491A-AF66-05FE4CAC7E69}.CD_ROM|Any CPU.ActiveCfg = Debug|Any CPU
		{F53DA47F-9DBE-491A-AF66-05FE4CAC7E69}.CD_ROM|Any CPU.Build.0 = Debug|Any CPU
		{F53DA47F-9DBE-491A-AF66-05FE4CAC7E69}.CD_ROM|Mixed Platforms.ActiveCfg = Debug|Any CPU
		{F53DA47F-9DBE-491A-AF66-05FE4CAC7E69}.CD_ROM|Mixed Platforms.Build.0 = Debug|Any CPU
		{F53DA47F-9DBE-491A-AF66-05FE4CAC7E69}.CD_ROM|x86.ActiveCfg = Debug|Any CPU
		{F53DA47F-9DBE-491A-AF66-05FE4CAC7E69}.CD_ROM|x86.Build.0 = Debug|Any CPU
		{F53DA47F-9DBE-491A-AF66-05FE4CAC7E69}.Debug|Any CPU.ActiveCfg = Debug|Any CPU
		{F53DA47F-9DBE-491A-AF66-05FE4CAC7E69}.Debug|Any CPU.Build.0 = Debug|Any CPU
		{F53DA47F-9DBE-491A-AF66-05FE4CAC7E69}.Debug|Mixed Platforms.ActiveCfg = Debug|Any CPU
		{F53DA47F-9DBE-491A-AF66-05FE4CAC7E69}.Debug|Mixed Platforms.Build.0 = Debug|Any CPU
		{F53DA47F-9DBE-491A-AF66-05FE4CAC7E69}.Debug|x86.ActiveCfg = Debug|Any CPU
		{F53DA47F-9DBE-491A-AF66-05FE4CAC7E69}.DVD-5|Any CPU.ActiveCfg = Debug|Any CPU
		{F53DA47F-9DBE-491A-AF66-05FE4CAC7E69}.DVD-5|Any CPU.Build.0 = Debug|Any CPU
		{F53DA47F-9DBE-491A-AF66-05FE4CAC7E69}.DVD-5|Mixed Platforms.ActiveCfg = Debug|Any CPU
		{F53DA47F-9DBE-491A-AF66-05FE4CAC7E69}.DVD-5|Mixed Platforms.Build.0 = Debug|Any CPU
		{F53DA47F-9DBE-491A-AF66-05FE4CAC7E69}.DVD-5|x86.ActiveCfg = Debug|Any CPU
		{F53DA47F-9DBE-491A-AF66-05FE4CAC7E69}.DVD-5|x86.Build.0 = Debug|Any CPU
		{F53DA47F-9DBE-491A-AF66-05FE4CAC7E69}.Release|Any CPU.ActiveCfg = Debug|Any CPU
		{F53DA47F-9DBE-491A-AF66-05FE4CAC7E69}.Release|Any CPU.Build.0 = Debug|Any CPU
		{F53DA47F-9DBE-491A-AF66-05FE4CAC7E69}.Release|Mixed Platforms.ActiveCfg = Debug|Any CPU
		{F53DA47F-9DBE-491A-AF66-05FE4CAC7E69}.Release|Mixed Platforms.Build.0 = Debug|Any CPU
		{F53DA47F-9DBE-491A-AF66-05FE4CAC7E69}.Release|x86.ActiveCfg = Debug|Any CPU
		{F53DA47F-9DBE-491A-AF66-05FE4CAC7E69}.SingleImage|Any CPU.ActiveCfg = Debug|Any CPU
		{F53DA47F-9DBE-491A-AF66-05FE4CAC7E69}.SingleImage|Any CPU.Build.0 = Debug|Any CPU
		{F53DA47F-9DBE-491A-AF66-05FE4CAC7E69}.SingleImage|Mixed Platforms.ActiveCfg = Debug|Any CPU
		{F53DA47F-9DBE-491A-AF66-05FE4CAC7E69}.SingleImage|Mixed Platforms.Build.0 = Debug|Any CPU
		{F53DA47F-9DBE-491A-AF66-05FE4CAC7E69}.SingleImage|x86.ActiveCfg = Debug|Any CPU
		{F53DA47F-9DBE-491A-AF66-05FE4CAC7E69}.SingleImage|x86.Build.0 = Debug|Any CPU
		{5101E1E4-31F5-4746-B2F2-87496749B1EE}.CD_ROM|Any CPU.ActiveCfg = Release|Any CPU
		{5101E1E4-31F5-4746-B2F2-87496749B1EE}.CD_ROM|Any CPU.Build.0 = Release|Any CPU
		{5101E1E4-31F5-4746-B2F2-87496749B1EE}.CD_ROM|Mixed Platforms.ActiveCfg = Release|Any CPU
		{5101E1E4-31F5-4746-B2F2-87496749B1EE}.CD_ROM|Mixed Platforms.Build.0 = Release|Any CPU
		{5101E1E4-31F5-4746-B2F2-87496749B1EE}.CD_ROM|x86.ActiveCfg = Release|Any CPU
		{5101E1E4-31F5-4746-B2F2-87496749B1EE}.CD_ROM|x86.Build.0 = Release|Any CPU
		{5101E1E4-31F5-4746-B2F2-87496749B1EE}.Debug|Any CPU.ActiveCfg = Debug|Any CPU
		{5101E1E4-31F5-4746-B2F2-87496749B1EE}.Debug|Any CPU.Build.0 = Debug|Any CPU
		{5101E1E4-31F5-4746-B2F2-87496749B1EE}.Debug|Mixed Platforms.ActiveCfg = Debug|Any CPU
		{5101E1E4-31F5-4746-B2F2-87496749B1EE}.Debug|Mixed Platforms.Build.0 = Debug|Any CPU
		{5101E1E4-31F5-4746-B2F2-87496749B1EE}.Debug|x86.ActiveCfg = Debug|Any CPU
		{5101E1E4-31F5-4746-B2F2-87496749B1EE}.DVD-5|Any CPU.ActiveCfg = Debug|Any CPU
		{5101E1E4-31F5-4746-B2F2-87496749B1EE}.DVD-5|Any CPU.Build.0 = Debug|Any CPU
		{5101E1E4-31F5-4746-B2F2-87496749B1EE}.DVD-5|Mixed Platforms.ActiveCfg = Debug|Any CPU
		{5101E1E4-31F5-4746-B2F2-87496749B1EE}.DVD-5|Mixed Platforms.Build.0 = Debug|Any CPU
		{5101E1E4-31F5-4746-B2F2-87496749B1EE}.DVD-5|x86.ActiveCfg = Debug|Any CPU
		{5101E1E4-31F5-4746-B2F2-87496749B1EE}.DVD-5|x86.Build.0 = Debug|Any CPU
		{5101E1E4-31F5-4746-B2F2-87496749B1EE}.Release|Any CPU.ActiveCfg = Release|Any CPU
		{5101E1E4-31F5-4746-B2F2-87496749B1EE}.Release|Any CPU.Build.0 = Release|Any CPU
		{5101E1E4-31F5-4746-B2F2-87496749B1EE}.Release|Mixed Platforms.ActiveCfg = Release|Any CPU
		{5101E1E4-31F5-4746-B2F2-87496749B1EE}.Release|Mixed Platforms.Build.0 = Release|Any CPU
		{5101E1E4-31F5-4746-B2F2-87496749B1EE}.Release|x86.ActiveCfg = Release|Any CPU
		{5101E1E4-31F5-4746-B2F2-87496749B1EE}.SingleImage|Any CPU.ActiveCfg = Release|Any CPU
		{5101E1E4-31F5-4746-B2F2-87496749B1EE}.SingleImage|Any CPU.Build.0 = Release|Any CPU
		{5101E1E4-31F5-4746-B2F2-87496749B1EE}.SingleImage|Mixed Platforms.ActiveCfg = Release|Any CPU
		{5101E1E4-31F5-4746-B2F2-87496749B1EE}.SingleImage|Mixed Platforms.Build.0 = Release|Any CPU
		{5101E1E4-31F5-4746-B2F2-87496749B1EE}.SingleImage|x86.ActiveCfg = Release|Any CPU
		{5101E1E4-31F5-4746-B2F2-87496749B1EE}.SingleImage|x86.Build.0 = Release|Any CPU
		{82A8DD2B-4F37-4AE0-8BF4-4078CF847C8F}.CD_ROM|Any CPU.ActiveCfg = Release|Any CPU
		{82A8DD2B-4F37-4AE0-8BF4-4078CF847C8F}.CD_ROM|Any CPU.Build.0 = Release|Any CPU
		{82A8DD2B-4F37-4AE0-8BF4-4078CF847C8F}.CD_ROM|Mixed Platforms.ActiveCfg = Release|Any CPU
		{82A8DD2B-4F37-4AE0-8BF4-4078CF847C8F}.CD_ROM|Mixed Platforms.Build.0 = Release|Any CPU
		{82A8DD2B-4F37-4AE0-8BF4-4078CF847C8F}.CD_ROM|x86.ActiveCfg = Release|Any CPU
		{82A8DD2B-4F37-4AE0-8BF4-4078CF847C8F}.CD_ROM|x86.Build.0 = Release|Any CPU
		{82A8DD2B-4F37-4AE0-8BF4-4078CF847C8F}.Debug|Any CPU.ActiveCfg = Debug|Any CPU
		{82A8DD2B-4F37-4AE0-8BF4-4078CF847C8F}.Debug|Any CPU.Build.0 = Debug|Any CPU
		{82A8DD2B-4F37-4AE0-8BF4-4078CF847C8F}.Debug|Mixed Platforms.ActiveCfg = Debug|Any CPU
		{82A8DD2B-4F37-4AE0-8BF4-4078CF847C8F}.Debug|Mixed Platforms.Build.0 = Debug|Any CPU
		{82A8DD2B-4F37-4AE0-8BF4-4078CF847C8F}.Debug|x86.ActiveCfg = Debug|Any CPU
		{82A8DD2B-4F37-4AE0-8BF4-4078CF847C8F}.DVD-5|Any CPU.ActiveCfg = Debug|Any CPU
		{82A8DD2B-4F37-4AE0-8BF4-4078CF847C8F}.DVD-5|Any CPU.Build.0 = Debug|Any CPU
		{82A8DD2B-4F37-4AE0-8BF4-4078CF847C8F}.DVD-5|Mixed Platforms.ActiveCfg = Debug|Any CPU
		{82A8DD2B-4F37-4AE0-8BF4-4078CF847C8F}.DVD-5|Mixed Platforms.Build.0 = Debug|Any CPU
		{82A8DD2B-4F37-4AE0-8BF4-4078CF847C8F}.DVD-5|x86.ActiveCfg = Debug|Any CPU
		{82A8DD2B-4F37-4AE0-8BF4-4078CF847C8F}.DVD-5|x86.Build.0 = Debug|Any CPU
		{82A8DD2B-4F37-4AE0-8BF4-4078CF847C8F}.Release|Any CPU.ActiveCfg = Release|Any CPU
		{82A8DD2B-4F37-4AE0-8BF4-4078CF847C8F}.Release|Any CPU.Build.0 = Release|Any CPU
		{82A8DD2B-4F37-4AE0-8BF4-4078CF847C8F}.Release|Mixed Platforms.ActiveCfg = Release|Any CPU
		{82A8DD2B-4F37-4AE0-8BF4-4078CF847C8F}.Release|Mixed Platforms.Build.0 = Release|Any CPU
		{82A8DD2B-4F37-4AE0-8BF4-4078CF847C8F}.Release|x86.ActiveCfg = Release|Any CPU
		{82A8DD2B-4F37-4AE0-8BF4-4078CF847C8F}.SingleImage|Any CPU.ActiveCfg = Release|Any CPU
		{82A8DD2B-4F37-4AE0-8BF4-4078CF847C8F}.SingleImage|Any CPU.Build.0 = Release|Any CPU
		{82A8DD2B-4F37-4AE0-8BF4-4078CF847C8F}.SingleImage|Mixed Platforms.ActiveCfg = Release|Any CPU
		{82A8DD2B-4F37-4AE0-8BF4-4078CF847C8F}.SingleImage|Mixed Platforms.Build.0 = Release|Any CPU
		{82A8DD2B-4F37-4AE0-8BF4-4078CF847C8F}.SingleImage|x86.ActiveCfg = Release|Any CPU
		{82A8DD2B-4F37-4AE0-8BF4-4078CF847C8F}.SingleImage|x86.Build.0 = Release|Any CPU
		{123E8B74-C57C-4950-B1C8-563908215589}.CD_ROM|Any CPU.ActiveCfg = Release|x86
		{123E8B74-C57C-4950-B1C8-563908215589}.CD_ROM|Any CPU.Build.0 = Release|x86
		{123E8B74-C57C-4950-B1C8-563908215589}.CD_ROM|Mixed Platforms.ActiveCfg = Release|x86
		{123E8B74-C57C-4950-B1C8-563908215589}.CD_ROM|Mixed Platforms.Build.0 = Release|x86
		{123E8B74-C57C-4950-B1C8-563908215589}.CD_ROM|x86.ActiveCfg = Release|x86
		{123E8B74-C57C-4950-B1C8-563908215589}.CD_ROM|x86.Build.0 = Release|x86
		{123E8B74-C57C-4950-B1C8-563908215589}.Debug|Any CPU.ActiveCfg = Debug|x86
		{123E8B74-C57C-4950-B1C8-563908215589}.Debug|Mixed Platforms.ActiveCfg = Debug|x86
		{123E8B74-C57C-4950-B1C8-563908215589}.Debug|Mixed Platforms.Build.0 = Debug|x86
		{123E8B74-C57C-4950-B1C8-563908215589}.Debug|x86.ActiveCfg = Debug|x86
		{123E8B74-C57C-4950-B1C8-563908215589}.Debug|x86.Build.0 = Debug|x86
		{123E8B74-C57C-4950-B1C8-563908215589}.DVD-5|Any CPU.ActiveCfg = Release|x86
		{123E8B74-C57C-4950-B1C8-563908215589}.DVD-5|Any CPU.Build.0 = Release|x86
		{123E8B74-C57C-4950-B1C8-563908215589}.DVD-5|Mixed Platforms.ActiveCfg = Debug|x86
		{123E8B74-C57C-4950-B1C8-563908215589}.DVD-5|Mixed Platforms.Build.0 = Debug|x86
		{123E8B74-C57C-4950-B1C8-563908215589}.DVD-5|x86.ActiveCfg = Debug|x86
		{123E8B74-C57C-4950-B1C8-563908215589}.DVD-5|x86.Build.0 = Debug|x86
		{123E8B74-C57C-4950-B1C8-563908215589}.Release|Any CPU.ActiveCfg = Release|x86
		{123E8B74-C57C-4950-B1C8-563908215589}.Release|Mixed Platforms.ActiveCfg = Release|x86
		{123E8B74-C57C-4950-B1C8-563908215589}.Release|Mixed Platforms.Build.0 = Release|x86
		{123E8B74-C57C-4950-B1C8-563908215589}.Release|x86.ActiveCfg = Release|x86
		{123E8B74-C57C-4950-B1C8-563908215589}.Release|x86.Build.0 = Release|x86
		{123E8B74-C57C-4950-B1C8-563908215589}.SingleImage|Any CPU.ActiveCfg = Release|x86
		{123E8B74-C57C-4950-B1C8-563908215589}.SingleImage|Any CPU.Build.0 = Release|x86
		{123E8B74-C57C-4950-B1C8-563908215589}.SingleImage|Mixed Platforms.ActiveCfg = Release|x86
		{123E8B74-C57C-4950-B1C8-563908215589}.SingleImage|Mixed Platforms.Build.0 = Release|x86
		{123E8B74-C57C-4950-B1C8-563908215589}.SingleImage|x86.ActiveCfg = Release|x86
		{123E8B74-C57C-4950-B1C8-563908215589}.SingleImage|x86.Build.0 = Release|x86
		{0E3C9E4D-A6E7-446C-A315-B04AA78273F1}.CD_ROM|Any CPU.ActiveCfg = Debug|Any CPU
		{0E3C9E4D-A6E7-446C-A315-B04AA78273F1}.CD_ROM|Any CPU.Build.0 = Debug|Any CPU
		{0E3C9E4D-A6E7-446C-A315-B04AA78273F1}.CD_ROM|Mixed Platforms.ActiveCfg = Debug|Any CPU
		{0E3C9E4D-A6E7-446C-A315-B04AA78273F1}.CD_ROM|Mixed Platforms.Build.0 = Debug|Any CPU
		{0E3C9E4D-A6E7-446C-A315-B04AA78273F1}.CD_ROM|x86.ActiveCfg = Debug|Any CPU
		{0E3C9E4D-A6E7-446C-A315-B04AA78273F1}.CD_ROM|x86.Build.0 = Debug|Any CPU
		{0E3C9E4D-A6E7-446C-A315-B04AA78273F1}.Debug|Any CPU.ActiveCfg = Debug|Any CPU
		{0E3C9E4D-A6E7-446C-A315-B04AA78273F1}.Debug|Any CPU.Build.0 = Debug|Any CPU
		{0E3C9E4D-A6E7-446C-A315-B04AA78273F1}.Debug|Mixed Platforms.ActiveCfg = Debug|Any CPU
		{0E3C9E4D-A6E7-446C-A315-B04AA78273F1}.Debug|Mixed Platforms.Build.0 = Debug|Any CPU
		{0E3C9E4D-A6E7-446C-A315-B04AA78273F1}.Debug|x86.ActiveCfg = Debug|Any CPU
		{0E3C9E4D-A6E7-446C-A315-B04AA78273F1}.DVD-5|Any CPU.ActiveCfg = Debug|Any CPU
		{0E3C9E4D-A6E7-446C-A315-B04AA78273F1}.DVD-5|Any CPU.Build.0 = Debug|Any CPU
		{0E3C9E4D-A6E7-446C-A315-B04AA78273F1}.DVD-5|Mixed Platforms.ActiveCfg = Debug|Any CPU
		{0E3C9E4D-A6E7-446C-A315-B04AA78273F1}.DVD-5|Mixed Platforms.Build.0 = Debug|Any CPU
		{0E3C9E4D-A6E7-446C-A315-B04AA78273F1}.DVD-5|x86.ActiveCfg = Debug|Any CPU
		{0E3C9E4D-A6E7-446C-A315-B04AA78273F1}.DVD-5|x86.Build.0 = Debug|Any CPU
		{0E3C9E4D-A6E7-446C-A315-B04AA78273F1}.Release|Any CPU.ActiveCfg = Debug|Any CPU
		{0E3C9E4D-A6E7-446C-A315-B04AA78273F1}.Release|Any CPU.Build.0 = Debug|Any CPU
		{0E3C9E4D-A6E7-446C-A315-B04AA78273F1}.Release|Mixed Platforms.ActiveCfg = Debug|Any CPU
		{0E3C9E4D-A6E7-446C-A315-B04AA78273F1}.Release|Mixed Platforms.Build.0 = Debug|Any CPU
		{0E3C9E4D-A6E7-446C-A315-B04AA78273F1}.Release|x86.ActiveCfg = Debug|Any CPU
		{0E3C9E4D-A6E7-446C-A315-B04AA78273F1}.SingleImage|Any CPU.ActiveCfg = Debug|Any CPU
		{0E3C9E4D-A6E7-446C-A315-B04AA78273F1}.SingleImage|Any CPU.Build.0 = Debug|Any CPU
		{0E3C9E4D-A6E7-446C-A315-B04AA78273F1}.SingleImage|Mixed Platforms.ActiveCfg = Debug|Any CPU
		{0E3C9E4D-A6E7-446C-A315-B04AA78273F1}.SingleImage|Mixed Platforms.Build.0 = Debug|Any CPU
		{0E3C9E4D-A6E7-446C-A315-B04AA78273F1}.SingleImage|x86.ActiveCfg = Debug|Any CPU
		{0E3C9E4D-A6E7-446C-A315-B04AA78273F1}.SingleImage|x86.Build.0 = Debug|Any CPU
		{655B3AF6-6420-44FC-87E4-239531647289}.CD_ROM|Any CPU.ActiveCfg = Release|Any CPU
		{655B3AF6-6420-44FC-87E4-239531647289}.CD_ROM|Any CPU.Build.0 = Release|Any CPU
		{655B3AF6-6420-44FC-87E4-239531647289}.CD_ROM|Mixed Platforms.ActiveCfg = Release|Any CPU
		{655B3AF6-6420-44FC-87E4-239531647289}.CD_ROM|Mixed Platforms.Build.0 = Release|Any CPU
		{655B3AF6-6420-44FC-87E4-239531647289}.CD_ROM|x86.ActiveCfg = Release|Any CPU
		{655B3AF6-6420-44FC-87E4-239531647289}.CD_ROM|x86.Build.0 = Release|Any CPU
		{655B3AF6-6420-44FC-87E4-239531647289}.Debug|Any CPU.ActiveCfg = Debug|Any CPU
		{655B3AF6-6420-44FC-87E4-239531647289}.Debug|Any CPU.Build.0 = Debug|Any CPU
		{655B3AF6-6420-44FC-87E4-239531647289}.Debug|Mixed Platforms.ActiveCfg = Debug|Any CPU
		{655B3AF6-6420-44FC-87E4-239531647289}.Debug|Mixed Platforms.Build.0 = Debug|Any CPU
		{655B3AF6-6420-44FC-87E4-239531647289}.Debug|x86.ActiveCfg = Debug|Any CPU
		{655B3AF6-6420-44FC-87E4-239531647289}.Debug|x86.Build.0 = Debug|Any CPU
		{655B3AF6-6420-44FC-87E4-239531647289}.DVD-5|Any CPU.ActiveCfg = Debug|Any CPU
		{655B3AF6-6420-44FC-87E4-239531647289}.DVD-5|Any CPU.Build.0 = Debug|Any CPU
		{655B3AF6-6420-44FC-87E4-239531647289}.DVD-5|Mixed Platforms.ActiveCfg = Debug|Any CPU
		{655B3AF6-6420-44FC-87E4-239531647289}.DVD-5|Mixed Platforms.Build.0 = Debug|Any CPU
		{655B3AF6-6420-44FC-87E4-239531647289}.DVD-5|x86.ActiveCfg = Debug|Any CPU
		{655B3AF6-6420-44FC-87E4-239531647289}.DVD-5|x86.Build.0 = Debug|Any CPU
		{655B3AF6-6420-44FC-87E4-239531647289}.Release|Any CPU.ActiveCfg = Release|Any CPU
		{655B3AF6-6420-44FC-87E4-239531647289}.Release|Any CPU.Build.0 = Release|Any CPU
		{655B3AF6-6420-44FC-87E4-239531647289}.Release|Mixed Platforms.ActiveCfg = Release|Any CPU
		{655B3AF6-6420-44FC-87E4-239531647289}.Release|Mixed Platforms.Build.0 = Release|Any CPU
		{655B3AF6-6420-44FC-87E4-239531647289}.Release|x86.ActiveCfg = Release|Any CPU
		{655B3AF6-6420-44FC-87E4-239531647289}.Release|x86.Build.0 = Release|Any CPU
		{655B3AF6-6420-44FC-87E4-239531647289}.SingleImage|Any CPU.ActiveCfg = Release|Any CPU
		{655B3AF6-6420-44FC-87E4-239531647289}.SingleImage|Any CPU.Build.0 = Release|Any CPU
		{655B3AF6-6420-44FC-87E4-239531647289}.SingleImage|Mixed Platforms.ActiveCfg = Release|Any CPU
		{655B3AF6-6420-44FC-87E4-239531647289}.SingleImage|Mixed Platforms.Build.0 = Release|Any CPU
		{655B3AF6-6420-44FC-87E4-239531647289}.SingleImage|x86.ActiveCfg = Release|Any CPU
		{655B3AF6-6420-44FC-87E4-239531647289}.SingleImage|x86.Build.0 = Release|Any CPU
		{AF3ED927-D834-4813-99C4-5DC1D3F98030}.CD_ROM|Any CPU.ActiveCfg = Release|Any CPU
		{AF3ED927-D834-4813-99C4-5DC1D3F98030}.CD_ROM|Any CPU.Build.0 = Release|Any CPU
		{AF3ED927-D834-4813-99C4-5DC1D3F98030}.CD_ROM|Mixed Platforms.ActiveCfg = Release|Any CPU
		{AF3ED927-D834-4813-99C4-5DC1D3F98030}.CD_ROM|Mixed Platforms.Build.0 = Release|Any CPU
		{AF3ED927-D834-4813-99C4-5DC1D3F98030}.CD_ROM|x86.ActiveCfg = Release|Any CPU
		{AF3ED927-D834-4813-99C4-5DC1D3F98030}.CD_ROM|x86.Build.0 = Release|Any CPU
		{AF3ED927-D834-4813-99C4-5DC1D3F98030}.Debug|Any CPU.ActiveCfg = Debug|Any CPU
		{AF3ED927-D834-4813-99C4-5DC1D3F98030}.Debug|Any CPU.Build.0 = Debug|Any CPU
		{AF3ED927-D834-4813-99C4-5DC1D3F98030}.Debug|Mixed Platforms.ActiveCfg = Debug|Any CPU
		{AF3ED927-D834-4813-99C4-5DC1D3F98030}.Debug|Mixed Platforms.Build.0 = Debug|Any CPU
		{AF3ED927-D834-4813-99C4-5DC1D3F98030}.Debug|x86.ActiveCfg = Debug|Any CPU
		{AF3ED927-D834-4813-99C4-5DC1D3F98030}.Debug|x86.Build.0 = Debug|Any CPU
		{AF3ED927-D834-4813-99C4-5DC1D3F98030}.DVD-5|Any CPU.ActiveCfg = Debug|Any CPU
		{AF3ED927-D834-4813-99C4-5DC1D3F98030}.DVD-5|Any CPU.Build.0 = Debug|Any CPU
		{AF3ED927-D834-4813-99C4-5DC1D3F98030}.DVD-5|Mixed Platforms.ActiveCfg = Debug|Any CPU
		{AF3ED927-D834-4813-99C4-5DC1D3F98030}.DVD-5|Mixed Platforms.Build.0 = Debug|Any CPU
		{AF3ED927-D834-4813-99C4-5DC1D3F98030}.DVD-5|x86.ActiveCfg = Debug|Any CPU
		{AF3ED927-D834-4813-99C4-5DC1D3F98030}.DVD-5|x86.Build.0 = Debug|Any CPU
		{AF3ED927-D834-4813-99C4-5DC1D3F98030}.Release|Any CPU.ActiveCfg = Release|Any CPU
		{AF3ED927-D834-4813-99C4-5DC1D3F98030}.Release|Any CPU.Build.0 = Release|Any CPU
		{AF3ED927-D834-4813-99C4-5DC1D3F98030}.Release|Mixed Platforms.ActiveCfg = Release|Any CPU
		{AF3ED927-D834-4813-99C4-5DC1D3F98030}.Release|Mixed Platforms.Build.0 = Release|Any CPU
		{AF3ED927-D834-4813-99C4-5DC1D3F98030}.Release|x86.ActiveCfg = Release|Any CPU
		{AF3ED927-D834-4813-99C4-5DC1D3F98030}.Release|x86.Build.0 = Release|Any CPU
		{AF3ED927-D834-4813-99C4-5DC1D3F98030}.SingleImage|Any CPU.ActiveCfg = Release|Any CPU
		{AF3ED927-D834-4813-99C4-5DC1D3F98030}.SingleImage|Any CPU.Build.0 = Release|Any CPU
		{AF3ED927-D834-4813-99C4-5DC1D3F98030}.SingleImage|Mixed Platforms.ActiveCfg = Release|Any CPU
		{AF3ED927-D834-4813-99C4-5DC1D3F98030}.SingleImage|Mixed Platforms.Build.0 = Release|Any CPU
		{AF3ED927-D834-4813-99C4-5DC1D3F98030}.SingleImage|x86.ActiveCfg = Release|Any CPU
		{AF3ED927-D834-4813-99C4-5DC1D3F98030}.SingleImage|x86.Build.0 = Release|Any CPU
		{8A060C03-92AB-47FA-9EF0-F2BF9D4CD0C4}.CD_ROM|Any CPU.ActiveCfg = Debug|Any CPU
		{8A060C03-92AB-47FA-9EF0-F2BF9D4CD0C4}.CD_ROM|Any CPU.Build.0 = Debug|Any CPU
		{8A060C03-92AB-47FA-9EF0-F2BF9D4CD0C4}.CD_ROM|Mixed Platforms.ActiveCfg = Debug|Any CPU
		{8A060C03-92AB-47FA-9EF0-F2BF9D4CD0C4}.CD_ROM|Mixed Platforms.Build.0 = Debug|Any CPU
		{8A060C03-92AB-47FA-9EF0-F2BF9D4CD0C4}.CD_ROM|x86.ActiveCfg = Debug|Any CPU
		{8A060C03-92AB-47FA-9EF0-F2BF9D4CD0C4}.CD_ROM|x86.Build.0 = Debug|Any CPU
		{8A060C03-92AB-47FA-9EF0-F2BF9D4CD0C4}.Debug|Any CPU.ActiveCfg = Release|Any CPU
		{8A060C03-92AB-47FA-9EF0-F2BF9D4CD0C4}.Debug|Any CPU.Build.0 = Release|Any CPU
		{8A060C03-92AB-47FA-9EF0-F2BF9D4CD0C4}.Debug|Mixed Platforms.ActiveCfg = Debug|Any CPU
		{8A060C03-92AB-47FA-9EF0-F2BF9D4CD0C4}.Debug|Mixed Platforms.Build.0 = Debug|Any CPU
		{8A060C03-92AB-47FA-9EF0-F2BF9D4CD0C4}.Debug|x86.ActiveCfg = Debug|Any CPU
		{8A060C03-92AB-47FA-9EF0-F2BF9D4CD0C4}.Debug|x86.Build.0 = Debug|Any CPU
		{8A060C03-92AB-47FA-9EF0-F2BF9D4CD0C4}.DVD-5|Any CPU.ActiveCfg = Debug|Any CPU
		{8A060C03-92AB-47FA-9EF0-F2BF9D4CD0C4}.DVD-5|Any CPU.Build.0 = Debug|Any CPU
		{8A060C03-92AB-47FA-9EF0-F2BF9D4CD0C4}.DVD-5|Mixed Platforms.ActiveCfg = Debug|Any CPU
		{8A060C03-92AB-47FA-9EF0-F2BF9D4CD0C4}.DVD-5|Mixed Platforms.Build.0 = Debug|Any CPU
		{8A060C03-92AB-47FA-9EF0-F2BF9D4CD0C4}.DVD-5|x86.ActiveCfg = Debug|Any CPU
		{8A060C03-92AB-47FA-9EF0-F2BF9D4CD0C4}.DVD-5|x86.Build.0 = Debug|Any CPU
		{8A060C03-92AB-47FA-9EF0-F2BF9D4CD0C4}.Release|Any CPU.ActiveCfg = Release|Any CPU
		{8A060C03-92AB-47FA-9EF0-F2BF9D4CD0C4}.Release|Any CPU.Build.0 = Release|Any CPU
		{8A060C03-92AB-47FA-9EF0-F2BF9D4CD0C4}.Release|Mixed Platforms.ActiveCfg = Release|Any CPU
		{8A060C03-92AB-47FA-9EF0-F2BF9D4CD0C4}.Release|Mixed Platforms.Build.0 = Release|Any CPU
		{8A060C03-92AB-47FA-9EF0-F2BF9D4CD0C4}.Release|x86.ActiveCfg = Release|Any CPU
		{8A060C03-92AB-47FA-9EF0-F2BF9D4CD0C4}.Release|x86.Build.0 = Release|Any CPU
		{8A060C03-92AB-47FA-9EF0-F2BF9D4CD0C4}.SingleImage|Any CPU.ActiveCfg = Debug|Any CPU
		{8A060C03-92AB-47FA-9EF0-F2BF9D4CD0C4}.SingleImage|Any CPU.Build.0 = Debug|Any CPU
		{8A060C03-92AB-47FA-9EF0-F2BF9D4CD0C4}.SingleImage|Mixed Platforms.ActiveCfg = Debug|Any CPU
		{8A060C03-92AB-47FA-9EF0-F2BF9D4CD0C4}.SingleImage|Mixed Platforms.Build.0 = Debug|Any CPU
		{8A060C03-92AB-47FA-9EF0-F2BF9D4CD0C4}.SingleImage|x86.ActiveCfg = Debug|Any CPU
		{8A060C03-92AB-47FA-9EF0-F2BF9D4CD0C4}.SingleImage|x86.Build.0 = Debug|Any CPU
		{579C76DE-01BD-470A-9437-8CC1C4ADB6B1}.CD_ROM|Any CPU.ActiveCfg = Release|Any CPU
		{579C76DE-01BD-470A-9437-8CC1C4ADB6B1}.CD_ROM|Any CPU.Build.0 = Release|Any CPU
		{579C76DE-01BD-470A-9437-8CC1C4ADB6B1}.CD_ROM|Mixed Platforms.ActiveCfg = Release|Any CPU
		{579C76DE-01BD-470A-9437-8CC1C4ADB6B1}.CD_ROM|Mixed Platforms.Build.0 = Release|Any CPU
		{579C76DE-01BD-470A-9437-8CC1C4ADB6B1}.CD_ROM|x86.ActiveCfg = Release|Any CPU
		{579C76DE-01BD-470A-9437-8CC1C4ADB6B1}.CD_ROM|x86.Build.0 = Release|Any CPU
		{579C76DE-01BD-470A-9437-8CC1C4ADB6B1}.Debug|Any CPU.ActiveCfg = Debug|Any CPU
		{579C76DE-01BD-470A-9437-8CC1C4ADB6B1}.Debug|Any CPU.Build.0 = Debug|Any CPU
		{579C76DE-01BD-470A-9437-8CC1C4ADB6B1}.Debug|Mixed Platforms.ActiveCfg = Debug|Any CPU
		{579C76DE-01BD-470A-9437-8CC1C4ADB6B1}.Debug|Mixed Platforms.Build.0 = Debug|Any CPU
		{579C76DE-01BD-470A-9437-8CC1C4ADB6B1}.Debug|x86.ActiveCfg = Debug|Any CPU
		{579C76DE-01BD-470A-9437-8CC1C4ADB6B1}.Debug|x86.Build.0 = Debug|Any CPU
		{579C76DE-01BD-470A-9437-8CC1C4ADB6B1}.DVD-5|Any CPU.ActiveCfg = Debug|Any CPU
		{579C76DE-01BD-470A-9437-8CC1C4ADB6B1}.DVD-5|Any CPU.Build.0 = Debug|Any CPU
		{579C76DE-01BD-470A-9437-8CC1C4ADB6B1}.DVD-5|Mixed Platforms.ActiveCfg = Debug|Any CPU
		{579C76DE-01BD-470A-9437-8CC1C4ADB6B1}.DVD-5|Mixed Platforms.Build.0 = Debug|Any CPU
		{579C76DE-01BD-470A-9437-8CC1C4ADB6B1}.DVD-5|x86.ActiveCfg = Debug|Any CPU
		{579C76DE-01BD-470A-9437-8CC1C4ADB6B1}.DVD-5|x86.Build.0 = Debug|Any CPU
		{579C76DE-01BD-470A-9437-8CC1C4ADB6B1}.Release|Any CPU.ActiveCfg = Release|Any CPU
		{579C76DE-01BD-470A-9437-8CC1C4ADB6B1}.Release|Any CPU.Build.0 = Release|Any CPU
		{579C76DE-01BD-470A-9437-8CC1C4ADB6B1}.Release|Mixed Platforms.ActiveCfg = Release|Any CPU
		{579C76DE-01BD-470A-9437-8CC1C4ADB6B1}.Release|Mixed Platforms.Build.0 = Release|Any CPU
		{579C76DE-01BD-470A-9437-8CC1C4ADB6B1}.Release|x86.ActiveCfg = Release|Any CPU
		{579C76DE-01BD-470A-9437-8CC1C4ADB6B1}.Release|x86.Build.0 = Release|Any CPU
		{579C76DE-01BD-470A-9437-8CC1C4ADB6B1}.SingleImage|Any CPU.ActiveCfg = Release|Any CPU
		{579C76DE-01BD-470A-9437-8CC1C4ADB6B1}.SingleImage|Any CPU.Build.0 = Release|Any CPU
		{579C76DE-01BD-470A-9437-8CC1C4ADB6B1}.SingleImage|Mixed Platforms.ActiveCfg = Release|Any CPU
		{579C76DE-01BD-470A-9437-8CC1C4ADB6B1}.SingleImage|Mixed Platforms.Build.0 = Release|Any CPU
		{579C76DE-01BD-470A-9437-8CC1C4ADB6B1}.SingleImage|x86.ActiveCfg = Release|Any CPU
		{579C76DE-01BD-470A-9437-8CC1C4ADB6B1}.SingleImage|x86.Build.0 = Release|Any CPU
		{96A5FE74-885B-43B5-B397-E337B615129C}.CD_ROM|Any CPU.ActiveCfg = Release|Any CPU
		{96A5FE74-885B-43B5-B397-E337B615129C}.CD_ROM|Any CPU.Build.0 = Release|Any CPU
		{96A5FE74-885B-43B5-B397-E337B615129C}.CD_ROM|Mixed Platforms.ActiveCfg = Release|Any CPU
		{96A5FE74-885B-43B5-B397-E337B615129C}.CD_ROM|Mixed Platforms.Build.0 = Release|Any CPU
		{96A5FE74-885B-43B5-B397-E337B615129C}.CD_ROM|x86.ActiveCfg = Release|Any CPU
		{96A5FE74-885B-43B5-B397-E337B615129C}.CD_ROM|x86.Build.0 = Release|Any CPU
		{96A5FE74-885B-43B5-B397-E337B615129C}.Debug|Any CPU.ActiveCfg = Debug|Any CPU
		{96A5FE74-885B-43B5-B397-E337B615129C}.Debug|Any CPU.Build.0 = Debug|Any CPU
		{96A5FE74-885B-43B5-B397-E337B615129C}.Debug|Mixed Platforms.ActiveCfg = Debug|Any CPU
		{96A5FE74-885B-43B5-B397-E337B615129C}.Debug|Mixed Platforms.Build.0 = Debug|Any CPU
		{96A5FE74-885B-43B5-B397-E337B615129C}.Debug|x86.ActiveCfg = Debug|Any CPU
		{96A5FE74-885B-43B5-B397-E337B615129C}.Debug|x86.Build.0 = Debug|Any CPU
		{96A5FE74-885B-43B5-B397-E337B615129C}.DVD-5|Any CPU.ActiveCfg = Debug|Any CPU
		{96A5FE74-885B-43B5-B397-E337B615129C}.DVD-5|Any CPU.Build.0 = Debug|Any CPU
		{96A5FE74-885B-43B5-B397-E337B615129C}.DVD-5|Mixed Platforms.ActiveCfg = Debug|Any CPU
		{96A5FE74-885B-43B5-B397-E337B615129C}.DVD-5|Mixed Platforms.Build.0 = Debug|Any CPU
		{96A5FE74-885B-43B5-B397-E337B615129C}.DVD-5|x86.ActiveCfg = Debug|Any CPU
		{96A5FE74-885B-43B5-B397-E337B615129C}.DVD-5|x86.Build.0 = Debug|Any CPU
		{96A5FE74-885B-43B5-B397-E337B615129C}.Release|Any CPU.ActiveCfg = Release|Any CPU
		{96A5FE74-885B-43B5-B397-E337B615129C}.Release|Any CPU.Build.0 = Release|Any CPU
		{96A5FE74-885B-43B5-B397-E337B615129C}.Release|Mixed Platforms.ActiveCfg = Release|Any CPU
		{96A5FE74-885B-43B5-B397-E337B615129C}.Release|Mixed Platforms.Build.0 = Release|Any CPU
		{96A5FE74-885B-43B5-B397-E337B615129C}.Release|x86.ActiveCfg = Release|Any CPU
		{96A5FE74-885B-43B5-B397-E337B615129C}.Release|x86.Build.0 = Release|Any CPU
		{96A5FE74-885B-43B5-B397-E337B615129C}.SingleImage|Any CPU.ActiveCfg = Release|Any CPU
		{96A5FE74-885B-43B5-B397-E337B615129C}.SingleImage|Any CPU.Build.0 = Release|Any CPU
		{96A5FE74-885B-43B5-B397-E337B615129C}.SingleImage|Mixed Platforms.ActiveCfg = Release|Any CPU
		{96A5FE74-885B-43B5-B397-E337B615129C}.SingleImage|Mixed Platforms.Build.0 = Release|Any CPU
		{96A5FE74-885B-43B5-B397-E337B615129C}.SingleImage|x86.ActiveCfg = Release|Any CPU
		{96A5FE74-885B-43B5-B397-E337B615129C}.SingleImage|x86.Build.0 = Release|Any CPU
		{D0892904-6CFB-407A-93A4-8A92C02A7834}.CD_ROM|Any CPU.ActiveCfg = CD_ROM
		{D0892904-6CFB-407A-93A4-8A92C02A7834}.CD_ROM|Any CPU.Build.0 = CD_ROM
		{D0892904-6CFB-407A-93A4-8A92C02A7834}.CD_ROM|Mixed Platforms.ActiveCfg = CD_ROM
		{D0892904-6CFB-407A-93A4-8A92C02A7834}.CD_ROM|Mixed Platforms.Build.0 = CD_ROM
		{D0892904-6CFB-407A-93A4-8A92C02A7834}.CD_ROM|x86.ActiveCfg = CD_ROM
		{D0892904-6CFB-407A-93A4-8A92C02A7834}.CD_ROM|x86.Build.0 = CD_ROM
		{D0892904-6CFB-407A-93A4-8A92C02A7834}.Debug|Any CPU.ActiveCfg = DVD-5
		{D0892904-6CFB-407A-93A4-8A92C02A7834}.Debug|Any CPU.Build.0 = DVD-5
		{D0892904-6CFB-407A-93A4-8A92C02A7834}.Debug|Mixed Platforms.ActiveCfg = DVD-5
		{D0892904-6CFB-407A-93A4-8A92C02A7834}.Debug|Mixed Platforms.Build.0 = DVD-5
		{D0892904-6CFB-407A-93A4-8A92C02A7834}.Debug|x86.ActiveCfg = DVD-5
		{D0892904-6CFB-407A-93A4-8A92C02A7834}.Debug|x86.Build.0 = DVD-5
		{D0892904-6CFB-407A-93A4-8A92C02A7834}.DVD-5|Any CPU.ActiveCfg = DVD-5
		{D0892904-6CFB-407A-93A4-8A92C02A7834}.DVD-5|Any CPU.Build.0 = DVD-5
		{D0892904-6CFB-407A-93A4-8A92C02A7834}.DVD-5|Mixed Platforms.ActiveCfg = DVD-5
		{D0892904-6CFB-407A-93A4-8A92C02A7834}.DVD-5|Mixed Platforms.Build.0 = DVD-5
		{D0892904-6CFB-407A-93A4-8A92C02A7834}.DVD-5|x86.ActiveCfg = DVD-5
		{D0892904-6CFB-407A-93A4-8A92C02A7834}.DVD-5|x86.Build.0 = DVD-5
		{D0892904-6CFB-407A-93A4-8A92C02A7834}.Release|Any CPU.ActiveCfg = SingleImage
		{D0892904-6CFB-407A-93A4-8A92C02A7834}.Release|Any CPU.Build.0 = SingleImage
		{D0892904-6CFB-407A-93A4-8A92C02A7834}.Release|Mixed Platforms.ActiveCfg = SingleImage
		{D0892904-6CFB-407A-93A4-8A92C02A7834}.Release|Mixed Platforms.Build.0 = SingleImage
		{D0892904-6CFB-407A-93A4-8A92C02A7834}.Release|x86.ActiveCfg = SingleImage
		{D0892904-6CFB-407A-93A4-8A92C02A7834}.Release|x86.Build.0 = SingleImage
		{D0892904-6CFB-407A-93A4-8A92C02A7834}.SingleImage|Any CPU.ActiveCfg = SingleImage
		{D0892904-6CFB-407A-93A4-8A92C02A7834}.SingleImage|Any CPU.Build.0 = SingleImage
		{D0892904-6CFB-407A-93A4-8A92C02A7834}.SingleImage|Mixed Platforms.ActiveCfg = SingleImage
		{D0892904-6CFB-407A-93A4-8A92C02A7834}.SingleImage|Mixed Platforms.Build.0 = SingleImage
		{D0892904-6CFB-407A-93A4-8A92C02A7834}.SingleImage|x86.ActiveCfg = SingleImage
		{D0892904-6CFB-407A-93A4-8A92C02A7834}.SingleImage|x86.Build.0 = SingleImage
	EndGlobalSection
	GlobalSection(SolutionProperties) = preSolution
		HideSolutionNode = FALSE
	EndGlobalSection
	GlobalSection(ExtensibilityGlobals) = postSolution
		SolutionGuid = {3D382F6D-7F4C-4BE3-BC3B-05500B9844F2}
	EndGlobalSection
EndGlobal
