
Microsoft Visual Studio Solution File, Format Version 12.00
# Visual Studio 14
VisualStudioVersion = 14.0.25420.1
MinimumVisualStudioVersion = 10.0.40219.1
Project("{E24C65DC-7377-472B-9ABA-BC803B73C61A}") = "web", "web\", "{F53DA47F-9DBE-491A-AF66-05FE4CAC7E69}"
	ProjectSection(WebsiteProperties) = preProject
		SccProjectName = "SAK"
		SccAuxPath = "SAK"
		SccLocalPath = "SAK"
		SccProvider = "SAK"
		TargetFrameworkMoniker = ".NETFramework,Version%3Dv4.0"
		ProjectReferences = "{5101E1E4-31F5-4746-B2F2-87496749B1EE}|work.dll;{82A8DD2B-4F37-4AE0-8BF4-4078CF847C8F}|TestWeb.dll;"
		Debug.AspNetCompiler.VirtualPath = "/web"
		Debug.AspNetCompiler.PhysicalPath = "web\"
		Debug.AspNetCompiler.TargetPath = "PrecompiledWeb\web\"
		Debug.AspNetCompiler.Updateable = "true"
		Debug.AspNetCompiler.ForceOverwrite = "true"
		Debug.AspNetCompiler.FixedNames = "false"
		Debug.AspNetCompiler.Debug = "True"
		Release.AspNetCompiler.VirtualPath = "/web"
		Release.AspNetCompiler.PhysicalPath = "web\"
		Release.AspNetCompiler.TargetPath = "PrecompiledWeb\web\"
		Release.AspNetCompiler.Updateable = "true"
		Release.AspNetCompiler.ForceOverwrite = "true"
		Release.AspNetCompiler.FixedNames = "false"
		Release.AspNetCompiler.Debug = "False"
		VWDPort = "15075"
		SlnRelativePath = "web\"
		DefaultWebSiteLanguage = "Visual C#"
	EndProjectSection
EndProject
Project("{FAE04EC0-301F-11D3-BF4B-00C04F79EFBC}") = "work", "work\work.csproj", "{5101E1E4-31F5-4746-B2F2-87496749B1EE}"
EndProject
Project("{FAE04EC0-301F-11D3-BF4B-00C04F79EFBC}") = "TestWeb", "TestWeb\TestWeb.csproj", "{82A8DD2B-4F37-4AE0-8BF4-4078CF847C8F}"
EndProject
Project("{FAE04EC0-301F-11D3-BF4B-00C04F79EFBC}") = "ConsoleApplication1", "ConsoleApplication1\ConsoleApplication1.csproj", "{123E8B74-C57C-4950-B1C8-563908215589}"
EndProject
Project("{E24C65DC-7377-472B-9ABA-BC803B73C61A}") = "web2", "web2\", "{0E3C9E4D-A6E7-446C-A315-B04AA78273F1}"
	ProjectSection(WebsiteProperties) = preProject
		SccProjectName = "SAK"
		SccAuxPath = "SAK"
		SccLocalPath = "SAK"
		SccProvider = "SAK"
		TargetFrameworkMoniker = ".NETFramework,Version%3Dv4.0"
		ProjectReferences = ""
		Debug.AspNetCompiler.VirtualPath = "/web2"
		Debug.AspNetCompiler.PhysicalPath = "web2\"
		Debug.AspNetCompiler.TargetPath = "PrecompiledWeb\web2\"
		Debug.AspNetCompiler.Updateable = "true"
		Debug.AspNetCompiler.ForceOverwrite = "true"
		Debug.AspNetCompiler.FixedNames = "false"
		Debug.AspNetCompiler.Debug = "True"
		Release.AspNetCompiler.VirtualPath = "/web2"
		Release.AspNetCompiler.PhysicalPath = "web2\"
		Release.AspNetCompiler.TargetPath = "PrecompiledWeb\web2\"
		Release.AspNetCompiler.Updateable = "true"
		Release.AspNetCompiler.ForceOverwrite = "true"
		Release.AspNetCompiler.FixedNames = "false"
		Release.AspNetCompiler.Debug = "False"
		VWDPort = "19483"
		SlnRelativePath = "web2\"
		DefaultWebSiteLanguage = "Visual C#"
	EndProjectSection
EndProject
Project("{FAE04EC0-301F-11D3-BF4B-00C04F79EFBC}") = "WebApplication1", "WebApplication1\WebApplication1.csproj", "{655B3AF6-6420-44FC-87E4-239531647289}"
EndProject
Project("{FAE04EC0-301F-11D3-BF4B-00C04F79EFBC}") = "Structs", "Structs\Structs.csproj", "{AF3ED927-D834-4813-99C4-5DC1D3F98030}"
EndProject
Global
	GlobalSection(SolutionConfigurationPlatforms) = preSolution
		Debug|Any CPU = Debug|Any CPU
		Debug|Mixed Platforms = Debug|Mixed Platforms
		Debug|x86 = Debug|x86
		Release|Any CPU = Release|Any CPU
		Release|Mixed Platforms = Release|Mixed Platforms
		Release|x86 = Release|x86
	EndGlobalSection
	GlobalSection(ProjectConfigurationPlatforms) = postSolution
		{F53DA47F-9DBE-491A-AF66-05FE4CAC7E69}.Debug|Any CPU.ActiveCfg = Debug|Any CPU
		{F53DA47F-9DBE-491A-AF66-05FE4CAC7E69}.Debug|Any CPU.Build.0 = Debug|Any CPU
		{F53DA47F-9DBE-491A-AF66-05FE4CAC7E69}.Debug|Mixed Platforms.ActiveCfg = Debug|Any CPU
		{F53DA47F-9DBE-491A-AF66-05FE4CAC7E69}.Debug|Mixed Platforms.Build.0 = Debug|Any CPU
		{F53DA47F-9DBE-491A-AF66-05FE4CAC7E69}.Debug|x86.ActiveCfg = Debug|Any CPU
		{F53DA47F-9DBE-491A-AF66-05FE4CAC7E69}.Release|Any CPU.ActiveCfg = Debug|Any CPU
		{F53DA47F-9DBE-491A-AF66-05FE4CAC7E69}.Release|Any CPU.Build.0 = Debug|Any CPU
		{F53DA47F-9DBE-491A-AF66-05FE4CAC7E69}.Release|Mixed Platforms.ActiveCfg = Debug|Any CPU
		{F53DA47F-9DBE-491A-AF66-05FE4CAC7E69}.Release|Mixed Platforms.Build.0 = Debug|Any CPU
		{F53DA47F-9DBE-491A-AF66-05FE4CAC7E69}.Release|x86.ActiveCfg = Debug|Any CPU
		{5101E1E4-31F5-4746-B2F2-87496749B1EE}.Debug|Any CPU.ActiveCfg = Debug|Any CPU
		{5101E1E4-31F5-4746-B2F2-87496749B1EE}.Debug|Any CPU.Build.0 = Debug|Any CPU
		{5101E1E4-31F5-4746-B2F2-87496749B1EE}.Debug|Mixed Platforms.ActiveCfg = Debug|Any CPU
		{5101E1E4-31F5-4746-B2F2-87496749B1EE}.Debug|Mixed Platforms.Build.0 = Debug|Any CPU
		{5101E1E4-31F5-4746-B2F2-87496749B1EE}.Debug|x86.ActiveCfg = Debug|Any CPU
		{5101E1E4-31F5-4746-B2F2-87496749B1EE}.Release|Any CPU.ActiveCfg = Release|Any CPU
		{5101E1E4-31F5-4746-B2F2-87496749B1EE}.Release|Any CPU.Build.0 = Release|Any CPU
		{5101E1E4-31F5-4746-B2F2-87496749B1EE}.Release|Mixed Platforms.ActiveCfg = Release|Any CPU
		{5101E1E4-31F5-4746-B2F2-87496749B1EE}.Release|Mixed Platforms.Build.0 = Release|Any CPU
		{5101E1E4-31F5-4746-B2F2-87496749B1EE}.Release|x86.ActiveCfg = Release|Any CPU
		{82A8DD2B-4F37-4AE0-8BF4-4078CF847C8F}.Debug|Any CPU.ActiveCfg = Debug|Any CPU
		{82A8DD2B-4F37-4AE0-8BF4-4078CF847C8F}.Debug|Any CPU.Build.0 = Debug|Any CPU
		{82A8DD2B-4F37-4AE0-8BF4-4078CF847C8F}.Debug|Mixed Platforms.ActiveCfg = Debug|Any CPU
		{82A8DD2B-4F37-4AE0-8BF4-4078CF847C8F}.Debug|Mixed Platforms.Build.0 = Debug|Any CPU
		{82A8DD2B-4F37-4AE0-8BF4-4078CF847C8F}.Debug|x86.ActiveCfg = Debug|Any CPU
		{82A8DD2B-4F37-4AE0-8BF4-4078CF847C8F}.Release|Any CPU.ActiveCfg = Release|Any CPU
		{82A8DD2B-4F37-4AE0-8BF4-4078CF847C8F}.Release|Any CPU.Build.0 = Release|Any CPU
		{82A8DD2B-4F37-4AE0-8BF4-4078CF847C8F}.Release|Mixed Platforms.ActiveCfg = Release|Any CPU
		{82A8DD2B-4F37-4AE0-8BF4-4078CF847C8F}.Release|Mixed Platforms.Build.0 = Release|Any CPU
		{82A8DD2B-4F37-4AE0-8BF4-4078CF847C8F}.Release|x86.ActiveCfg = Release|Any CPU
		{123E8B74-C57C-4950-B1C8-563908215589}.Debug|Any CPU.ActiveCfg = Debug|x86
		{123E8B74-C57C-4950-B1C8-563908215589}.Debug|Mixed Platforms.ActiveCfg = Debug|x86
		{123E8B74-C57C-4950-B1C8-563908215589}.Debug|Mixed Platforms.Build.0 = Debug|x86
		{123E8B74-C57C-4950-B1C8-563908215589}.Debug|x86.ActiveCfg = Debug|x86
		{123E8B74-C57C-4950-B1C8-563908215589}.Debug|x86.Build.0 = Debug|x86
		{123E8B74-C57C-4950-B1C8-563908215589}.Release|Any CPU.ActiveCfg = Release|x86
		{123E8B74-C57C-4950-B1C8-563908215589}.Release|Mixed Platforms.ActiveCfg = Release|x86
		{123E8B74-C57C-4950-B1C8-563908215589}.Release|Mixed Platforms.Build.0 = Release|x86
		{123E8B74-C57C-4950-B1C8-563908215589}.Release|x86.ActiveCfg = Release|x86
		{123E8B74-C57C-4950-B1C8-563908215589}.Release|x86.Build.0 = Release|x86
		{0E3C9E4D-A6E7-446C-A315-B04AA78273F1}.Debug|Any CPU.ActiveCfg = Debug|Any CPU
		{0E3C9E4D-A6E7-446C-A315-B04AA78273F1}.Debug|Any CPU.Build.0 = Debug|Any CPU
		{0E3C9E4D-A6E7-446C-A315-B04AA78273F1}.Debug|Mixed Platforms.ActiveCfg = Debug|Any CPU
		{0E3C9E4D-A6E7-446C-A315-B04AA78273F1}.Debug|Mixed Platforms.Build.0 = Debug|Any CPU
		{0E3C9E4D-A6E7-446C-A315-B04AA78273F1}.Debug|x86.ActiveCfg = Debug|Any CPU
		{0E3C9E4D-A6E7-446C-A315-B04AA78273F1}.Release|Any CPU.ActiveCfg = Debug|Any CPU
		{0E3C9E4D-A6E7-446C-A315-B04AA78273F1}.Release|Any CPU.Build.0 = Debug|Any CPU
		{0E3C9E4D-A6E7-446C-A315-B04AA78273F1}.Release|Mixed Platforms.ActiveCfg = Debug|Any CPU
		{0E3C9E4D-A6E7-446C-A315-B04AA78273F1}.Release|Mixed Platforms.Build.0 = Debug|Any CPU
		{0E3C9E4D-A6E7-446C-A315-B04AA78273F1}.Release|x86.ActiveCfg = Debug|Any CPU
		{655B3AF6-6420-44FC-87E4-239531647289}.Debug|Any CPU.ActiveCfg = Debug|Any CPU
		{655B3AF6-6420-44FC-87E4-239531647289}.Debug|Any CPU.Build.0 = Debug|Any CPU
		{655B3AF6-6420-44FC-87E4-239531647289}.Debug|Mixed Platforms.ActiveCfg = Debug|Any CPU
		{655B3AF6-6420-44FC-87E4-239531647289}.Debug|Mixed Platforms.Build.0 = Debug|Any CPU
		{655B3AF6-6420-44FC-87E4-239531647289}.Debug|x86.ActiveCfg = Debug|Any CPU
		{655B3AF6-6420-44FC-87E4-239531647289}.Debug|x86.Build.0 = Debug|Any CPU
		{655B3AF6-6420-44FC-87E4-239531647289}.Release|Any CPU.ActiveCfg = Release|Any CPU
		{655B3AF6-6420-44FC-87E4-239531647289}.Release|Any CPU.Build.0 = Release|Any CPU
		{655B3AF6-6420-44FC-87E4-239531647289}.Release|Mixed Platforms.ActiveCfg = Release|Any CPU
		{655B3AF6-6420-44FC-87E4-239531647289}.Release|Mixed Platforms.Build.0 = Release|Any CPU
		{655B3AF6-6420-44FC-87E4-239531647289}.Release|x86.ActiveCfg = Release|Any CPU
		{655B3AF6-6420-44FC-87E4-239531647289}.Release|x86.Build.0 = Release|Any CPU
		{AF3ED927-D834-4813-99C4-5DC1D3F98030}.Debug|Any CPU.ActiveCfg = Debug|Any CPU
		{AF3ED927-D834-4813-99C4-5DC1D3F98030}.Debug|Any CPU.Build.0 = Debug|Any CPU
		{AF3ED927-D834-4813-99C4-5DC1D3F98030}.Debug|Mixed Platforms.ActiveCfg = Debug|Any CPU
		{AF3ED927-D834-4813-99C4-5DC1D3F98030}.Debug|Mixed Platforms.Build.0 = Debug|Any CPU
		{AF3ED927-D834-4813-99C4-5DC1D3F98030}.Debug|x86.ActiveCfg = Debug|Any CPU
		{AF3ED927-D834-4813-99C4-5DC1D3F98030}.Debug|x86.Build.0 = Debug|Any CPU
		{AF3ED927-D834-4813-99C4-5DC1D3F98030}.Release|Any CPU.ActiveCfg = Release|Any CPU
		{AF3ED927-D834-4813-99C4-5DC1D3F98030}.Release|Any CPU.Build.0 = Release|Any CPU
		{AF3ED927-D834-4813-99C4-5DC1D3F98030}.Release|Mixed Platforms.ActiveCfg = Release|Any CPU
		{AF3ED927-D834-4813-99C4-5DC1D3F98030}.Release|Mixed Platforms.Build.0 = Release|Any CPU
		{AF3ED927-D834-4813-99C4-5DC1D3F98030}.Release|x86.ActiveCfg = Release|Any CPU
		{AF3ED927-D834-4813-99C4-5DC1D3F98030}.Release|x86.Build.0 = Release|Any CPU
	EndGlobalSection
	GlobalSection(SolutionProperties) = preSolution
		HideSolutionNode = FALSE
	EndGlobalSection
EndGlobal
